
Microsoft Visual Studio Solution File, Format Version 9.00
# Visual Studio 2005
Project("{8BC9CEB8-8B4A-11D0-8D11-00A0C91BC942}") = "SetCapture", "SetCapture\SetCapture.vcproj", "{91BC4E4E-F87B-4C76-933E-377783A64133}"
EndProject
Global
	GlobalSection(SolutionConfigurationPlatforms) = preSolution
		Debug|Win32 = Debug|Win32
		Release|Win32 = Release|Win32
	EndGlobalSection
	GlobalSection(ProjectConfigurationPlatforms) = postSolution
		{91BC4E4E-F87B-4C76-933E-377783A64133}.Debug|Win32.ActiveCfg = Debug|Win32
		{91BC4E4E-F87B-4C76-933E-377783A64133}.Debug|Win32.Build.0 = Debug|Win32
		{91BC4E4E-F87B-4C76-933E-377783A64133}.Release|Win32.ActiveCfg = Release|Win32
		{91BC4E4E-F87B-4C76-933E-377783A64133}.Release|Win32.Build.0 = Release|Win32
	EndGlobalSection
	GlobalSection(SolutionProperties) = preSolution
		HideSolutionNode = FALSE
	EndGlobalSection
EndGlobal
