
Microsoft Visual Studio Solution File, Format Version 9.00
# Visual Studio 2005
Project("{8BC9CEB8-8B4A-11D0-8D11-00A0C91BC942}") = "TB_GETITEMRECT", "TB_GETITEMRECT\TB_GETITEMRECT.vcproj", "{FC972387-5D45-477E-9811-701C0EE2E76B}"
EndProject
Global
	GlobalSection(SolutionConfigurationPlatforms) = preSolution
		Debug|Win32 = Debug|Win32
		Release|Win32 = Release|Win32
	EndGlobalSection
	GlobalSection(ProjectConfigurationPlatforms) = postSolution
		{FC972387-5D45-477E-9811-701C0EE2E76B}.Debug|Win32.ActiveCfg = Debug|Win32
		{FC972387-5D45-477E-9811-701C0EE2E76B}.Debug|Win32.Build.0 = Debug|Win32
		{FC972387-5D45-477E-9811-701C0EE2E76B}.Release|Win32.ActiveCfg = Release|Win32
		{FC972387-5D45-477E-9811-701C0EE2E76B}.Release|Win32.Build.0 = Release|Win32
	EndGlobalSection
	GlobalSection(SolutionProperties) = preSolution
		HideSolutionNode = FALSE
	EndGlobalSection
EndGlobal
