
Microsoft Visual Studio Solution File, Format Version 9.00
# Visual Studio 2005
Project("{8BC9CEB8-8B4A-11D0-8D11-00A0C91BC942}") = "IWbemClassObject", "IWbemClassObject\IWbemClassObject.vcproj", "{C0B23D81-DDA7-4E5C-9575-7102D90B14AA}"
EndProject
Global
	GlobalSection(SolutionConfigurationPlatforms) = preSolution
		Debug|Win32 = Debug|Win32
		Release|Win32 = Release|Win32
	EndGlobalSection
	GlobalSection(ProjectConfigurationPlatforms) = postSolution
		{C0B23D81-DDA7-4E5C-9575-7102D90B14AA}.Debug|Win32.ActiveCfg = Debug|Win32
		{C0B23D81-DDA7-4E5C-9575-7102D90B14AA}.Debug|Win32.Build.0 = Debug|Win32
		{C0B23D81-DDA7-4E5C-9575-7102D90B14AA}.Release|Win32.ActiveCfg = Release|Win32
		{C0B23D81-DDA7-4E5C-9575-7102D90B14AA}.Release|Win32.Build.0 = Release|Win32
	EndGlobalSection
	GlobalSection(SolutionProperties) = preSolution
		HideSolutionNode = FALSE
	EndGlobalSection
EndGlobal
