
Microsoft Visual Studio Solution File, Format Version 9.00
# Visual Studio 2005
Project("{8BC9CEB8-8B4A-11D0-8D11-00A0C91BC942}") = "LVN_COLUMNCLICK", "LVN_COLUMNCLICK\LVN_COLUMNCLICK.vcproj", "{27A3D8DA-2BB4-4090-888A-F7792532589D}"
EndProject
Global
	GlobalSection(SolutionConfigurationPlatforms) = preSolution
		Debug|Win32 = Debug|Win32
		Release|Win32 = Release|Win32
	EndGlobalSection
	GlobalSection(ProjectConfigurationPlatforms) = postSolution
		{27A3D8DA-2BB4-4090-888A-F7792532589D}.Debug|Win32.ActiveCfg = Debug|Win32
		{27A3D8DA-2BB4-4090-888A-F7792532589D}.Debug|Win32.Build.0 = Debug|Win32
		{27A3D8DA-2BB4-4090-888A-F7792532589D}.Release|Win32.ActiveCfg = Release|Win32
		{27A3D8DA-2BB4-4090-888A-F7792532589D}.Release|Win32.Build.0 = Release|Win32
	EndGlobalSection
	GlobalSection(SolutionProperties) = preSolution
		HideSolutionNode = FALSE
	EndGlobalSection
EndGlobal
