
Microsoft Visual Studio Solution File, Format Version 9.00
# Visual Studio 2005
Project("{8BC9CEB8-8B4A-11D0-8D11-00A0C91BC942}") = "IsEqualCLSID", "IsEqualCLSID\IsEqualCLSID.vcproj", "{1D325CF7-27DD-427F-82EC-48718451B758}"
EndProject
Global
	GlobalSection(SolutionConfigurationPlatforms) = preSolution
		Debug|Win32 = Debug|Win32
		Release|Win32 = Release|Win32
	EndGlobalSection
	GlobalSection(ProjectConfigurationPlatforms) = postSolution
		{1D325CF7-27DD-427F-82EC-48718451B758}.Debug|Win32.ActiveCfg = Debug|Win32
		{1D325CF7-27DD-427F-82EC-48718451B758}.Debug|Win32.Build.0 = Debug|Win32
		{1D325CF7-27DD-427F-82EC-48718451B758}.Release|Win32.ActiveCfg = Release|Win32
		{1D325CF7-27DD-427F-82EC-48718451B758}.Release|Win32.Build.0 = Release|Win32
	EndGlobalSection
	GlobalSection(SolutionProperties) = preSolution
		HideSolutionNode = FALSE
	EndGlobalSection
EndGlobal
