
Microsoft Visual Studio Solution File, Format Version 10.00
# Visual Studio 2008
Project("{FAE04EC0-301F-11D3-BF4B-00C04F79EFBC}") = "from", "from\from.csproj", "{D493E6D8-DF63-4FE8-BF4E-F5AB51DB286F}"
EndProject
Global
	GlobalSection(SolutionConfigurationPlatforms) = preSolution
		Debug|Any CPU = Debug|Any CPU
		Release|Any CPU = Release|Any CPU
	EndGlobalSection
	GlobalSection(ProjectConfigurationPlatforms) = postSolution
		{D493E6D8-DF63-4FE8-BF4E-F5AB51DB286F}.Debug|Any CPU.ActiveCfg = Debug|Any CPU
		{D493E6D8-DF63-4FE8-BF4E-F5AB51DB286F}.Debug|Any CPU.Build.0 = Debug|Any CPU
		{D493E6D8-DF63-4FE8-BF4E-F5AB51DB286F}.Release|Any CPU.ActiveCfg = Release|Any CPU
		{D493E6D8-DF63-4FE8-BF4E-F5AB51DB286F}.Release|Any CPU.Build.0 = Release|Any CPU
	EndGlobalSection
	GlobalSection(SolutionProperties) = preSolution
		HideSolutionNode = FALSE
	EndGlobalSection
EndGlobal
