
Microsoft Visual Studio Solution File, Format Version 9.00
# Visual Studio 2005
Project("{FAE04EC0-301F-11D3-BF4B-00C04F79EFBC}") = "Application", "Application\Application.csproj", "{7C48975E-00FA-4A3D-8DA5-C9408C64AFCF}"
EndProject
Global
	GlobalSection(SolutionConfigurationPlatforms) = preSolution
		Debug|Any CPU = Debug|Any CPU
		Release|Any CPU = Release|Any CPU
	EndGlobalSection
	GlobalSection(ProjectConfigurationPlatforms) = postSolution
		{7C48975E-00FA-4A3D-8DA5-C9408C64AFCF}.Debug|Any CPU.ActiveCfg = Debug|Any CPU
		{7C48975E-00FA-4A3D-8DA5-C9408C64AFCF}.Debug|Any CPU.Build.0 = Debug|Any CPU
		{7C48975E-00FA-4A3D-8DA5-C9408C64AFCF}.Release|Any CPU.ActiveCfg = Release|Any CPU
		{7C48975E-00FA-4A3D-8DA5-C9408C64AFCF}.Release|Any CPU.Build.0 = Release|Any CPU
	EndGlobalSection
	GlobalSection(SolutionProperties) = preSolution
		HideSolutionNode = FALSE
	EndGlobalSection
EndGlobal
