
Microsoft Visual Studio Solution File, Format Version 9.00
# Visual Studio 2005
Project("{FAE04EC0-301F-11D3-BF4B-00C04F79EFBC}") = "ListView_", "ListView_\ListView_.csproj", "{5BCCB684-868F-45B0-9547-7E7184285F1A}"
EndProject
Global
	GlobalSection(SolutionConfigurationPlatforms) = preSolution
		Debug|Any CPU = Debug|Any CPU
		Release|Any CPU = Release|Any CPU
	EndGlobalSection
	GlobalSection(ProjectConfigurationPlatforms) = postSolution
		{5BCCB684-868F-45B0-9547-7E7184285F1A}.Debug|Any CPU.ActiveCfg = Debug|Any CPU
		{5BCCB684-868F-45B0-9547-7E7184285F1A}.Debug|Any CPU.Build.0 = Debug|Any CPU
		{5BCCB684-868F-45B0-9547-7E7184285F1A}.Release|Any CPU.ActiveCfg = Release|Any CPU
		{5BCCB684-868F-45B0-9547-7E7184285F1A}.Release|Any CPU.Build.0 = Release|Any CPU
	EndGlobalSection
	GlobalSection(SolutionProperties) = preSolution
		HideSolutionNode = FALSE
	EndGlobalSection
EndGlobal
