
Microsoft Visual Studio Solution File, Format Version 10.00
# Visual Studio 2008
Project("{FAE04EC0-301F-11D3-BF4B-00C04F79EFBC}") = "TextBlock", "TextBlock\TextBlock.csproj", "{4C467612-8966-46EE-999B-FBB654BBB75A}"
EndProject
Global
	GlobalSection(SolutionConfigurationPlatforms) = preSolution
		Debug|Any CPU = Debug|Any CPU
		Release|Any CPU = Release|Any CPU
	EndGlobalSection
	GlobalSection(ProjectConfigurationPlatforms) = postSolution
		{4C467612-8966-46EE-999B-FBB654BBB75A}.Debug|Any CPU.ActiveCfg = Debug|Any CPU
		{4C467612-8966-46EE-999B-FBB654BBB75A}.Debug|Any CPU.Build.0 = Debug|Any CPU
		{4C467612-8966-46EE-999B-FBB654BBB75A}.Release|Any CPU.ActiveCfg = Release|Any CPU
		{4C467612-8966-46EE-999B-FBB654BBB75A}.Release|Any CPU.Build.0 = Release|Any CPU
	EndGlobalSection
	GlobalSection(SolutionProperties) = preSolution
		HideSolutionNode = FALSE
	EndGlobalSection
EndGlobal
