
Microsoft Visual Studio Solution File, Format Version 9.00
# Visual Studio 2005
Project("{8BC9CEB8-8B4A-11D0-8D11-00A0C91BC942}") = "NM_DBLCLK", "NM_DBLCLK\NM_DBLCLK.vcproj", "{5AB2A775-E515-4C60-8B79-E128261E08BC}"
EndProject
Global
	GlobalSection(SolutionConfigurationPlatforms) = preSolution
		Debug|Win32 = Debug|Win32
		Release|Win32 = Release|Win32
	EndGlobalSection
	GlobalSection(ProjectConfigurationPlatforms) = postSolution
		{5AB2A775-E515-4C60-8B79-E128261E08BC}.Debug|Win32.ActiveCfg = Debug|Win32
		{5AB2A775-E515-4C60-8B79-E128261E08BC}.Debug|Win32.Build.0 = Debug|Win32
		{5AB2A775-E515-4C60-8B79-E128261E08BC}.Release|Win32.ActiveCfg = Release|Win32
		{5AB2A775-E515-4C60-8B79-E128261E08BC}.Release|Win32.Build.0 = Release|Win32
	EndGlobalSection
	GlobalSection(SolutionProperties) = preSolution
		HideSolutionNode = FALSE
	EndGlobalSection
EndGlobal
