
Microsoft Visual Studio Solution File, Format Version 9.00
# Visual Studio 2005
Project("{8BC9CEB8-8B4A-11D0-8D11-00A0C91BC942}") = "WM_INITDIALOG", "WM_INITDIALOG\WM_INITDIALOG.vcproj", "{57A3EE1D-4E2C-4CF5-BCBA-F964F264A1FD}"
EndProject
Global
	GlobalSection(SolutionConfigurationPlatforms) = preSolution
		Debug|Win32 = Debug|Win32
		Release|Win32 = Release|Win32
	EndGlobalSection
	GlobalSection(ProjectConfigurationPlatforms) = postSolution
		{57A3EE1D-4E2C-4CF5-BCBA-F964F264A1FD}.Debug|Win32.ActiveCfg = Debug|Win32
		{57A3EE1D-4E2C-4CF5-BCBA-F964F264A1FD}.Debug|Win32.Build.0 = Debug|Win32
		{57A3EE1D-4E2C-4CF5-BCBA-F964F264A1FD}.Release|Win32.ActiveCfg = Release|Win32
		{57A3EE1D-4E2C-4CF5-BCBA-F964F264A1FD}.Release|Win32.Build.0 = Release|Win32
	EndGlobalSection
	GlobalSection(SolutionProperties) = preSolution
		HideSolutionNode = FALSE
	EndGlobalSection
EndGlobal
