
Microsoft Visual Studio Solution File, Format Version 9.00
# Visual Studio 2005
Project("{8BC9CEB8-8B4A-11D0-8D11-00A0C91BC942}") = "TOOLTIPTEXT", "TOOLTIPTEXT\TOOLTIPTEXT.vcproj", "{CE5869F0-116B-41CA-84C3-640E17305E80}"
EndProject
Global
	GlobalSection(SolutionConfigurationPlatforms) = preSolution
		Debug|Win32 = Debug|Win32
		Release|Win32 = Release|Win32
	EndGlobalSection
	GlobalSection(ProjectConfigurationPlatforms) = postSolution
		{CE5869F0-116B-41CA-84C3-640E17305E80}.Debug|Win32.ActiveCfg = Debug|Win32
		{CE5869F0-116B-41CA-84C3-640E17305E80}.Debug|Win32.Build.0 = Debug|Win32
		{CE5869F0-116B-41CA-84C3-640E17305E80}.Release|Win32.ActiveCfg = Release|Win32
		{CE5869F0-116B-41CA-84C3-640E17305E80}.Release|Win32.Build.0 = Release|Win32
	EndGlobalSection
	GlobalSection(SolutionProperties) = preSolution
		HideSolutionNode = FALSE
	EndGlobalSection
EndGlobal
