
Microsoft Visual Studio Solution File, Format Version 9.00
# Visual Studio 2005
Project("{8BC9CEB8-8B4A-11D0-8D11-00A0C91BC942}") = "CFrameWnd", "CFrameWnd\CFrameWnd.vcproj", "{983CB7A7-E1FA-429F-B1E7-39A719FF384B}"
EndProject
Global
	GlobalSection(SolutionConfigurationPlatforms) = preSolution
		Debug|Win32 = Debug|Win32
		Release|Win32 = Release|Win32
	EndGlobalSection
	GlobalSection(ProjectConfigurationPlatforms) = postSolution
		{983CB7A7-E1FA-429F-B1E7-39A719FF384B}.Debug|Win32.ActiveCfg = Debug|Win32
		{983CB7A7-E1FA-429F-B1E7-39A719FF384B}.Debug|Win32.Build.0 = Debug|Win32
		{983CB7A7-E1FA-429F-B1E7-39A719FF384B}.Release|Win32.ActiveCfg = Release|Win32
		{983CB7A7-E1FA-429F-B1E7-39A719FF384B}.Release|Win32.Build.0 = Release|Win32
	EndGlobalSection
	GlobalSection(SolutionProperties) = preSolution
		HideSolutionNode = FALSE
	EndGlobalSection
EndGlobal
