
Microsoft Visual Studio Solution File, Format Version 9.00
# Visual Studio 2005
Project("{FAE04EC0-301F-11D3-BF4B-00C04F79EFBC}") = "Class", "Class\Class.csproj", "{CC1435F7-D8FB-4731-AF15-A30173A6234D}"
EndProject
Global
	GlobalSection(SolutionConfigurationPlatforms) = preSolution
		Debug|Any CPU = Debug|Any CPU
		Release|Any CPU = Release|Any CPU
	EndGlobalSection
	GlobalSection(ProjectConfigurationPlatforms) = postSolution
		{CC1435F7-D8FB-4731-AF15-A30173A6234D}.Debug|Any CPU.ActiveCfg = Debug|Any CPU
		{CC1435F7-D8FB-4731-AF15-A30173A6234D}.Debug|Any CPU.Build.0 = Debug|Any CPU
		{CC1435F7-D8FB-4731-AF15-A30173A6234D}.Release|Any CPU.ActiveCfg = Release|Any CPU
		{CC1435F7-D8FB-4731-AF15-A30173A6234D}.Release|Any CPU.Build.0 = Release|Any CPU
	EndGlobalSection
	GlobalSection(SolutionProperties) = preSolution
		HideSolutionNode = FALSE
	EndGlobalSection
EndGlobal
