
Microsoft Visual Studio Solution File, Format Version 9.00
# Visual Studio 2005
Project("{8BC9CEB8-8B4A-11D0-8D11-00A0C91BC942}") = "WNDCLASS", "WNDCLASS\WNDCLASS.vcproj", "{F4E73DA0-AC33-4763-A1FE-A6B4EE459EDE}"
EndProject
Global
	GlobalSection(SolutionConfigurationPlatforms) = preSolution
		Debug|Win32 = Debug|Win32
		Release|Win32 = Release|Win32
	EndGlobalSection
	GlobalSection(ProjectConfigurationPlatforms) = postSolution
		{F4E73DA0-AC33-4763-A1FE-A6B4EE459EDE}.Debug|Win32.ActiveCfg = Debug|Win32
		{F4E73DA0-AC33-4763-A1FE-A6B4EE459EDE}.Debug|Win32.Build.0 = Debug|Win32
		{F4E73DA0-AC33-4763-A1FE-A6B4EE459EDE}.Release|Win32.ActiveCfg = Release|Win32
		{F4E73DA0-AC33-4763-A1FE-A6B4EE459EDE}.Release|Win32.Build.0 = Release|Win32
	EndGlobalSection
	GlobalSection(SolutionProperties) = preSolution
		HideSolutionNode = FALSE
	EndGlobalSection
EndGlobal
