
Microsoft Visual Studio Solution File, Format Version 9.00
# Visual Studio 2005
Project("{8BC9CEB8-8B4A-11D0-8D11-00A0C91BC942}") = "RegCreateKey", "RegCreateKey\RegCreateKey.vcproj", "{2C424D64-6285-4B14-A6B7-8E8DB0CDB0FB}"
EndProject
Global
	GlobalSection(SolutionConfigurationPlatforms) = preSolution
		Debug|Win32 = Debug|Win32
		Release|Win32 = Release|Win32
	EndGlobalSection
	GlobalSection(ProjectConfigurationPlatforms) = postSolution
		{2C424D64-6285-4B14-A6B7-8E8DB0CDB0FB}.Debug|Win32.ActiveCfg = Debug|Win32
		{2C424D64-6285-4B14-A6B7-8E8DB0CDB0FB}.Debug|Win32.Build.0 = Debug|Win32
		{2C424D64-6285-4B14-A6B7-8E8DB0CDB0FB}.Release|Win32.ActiveCfg = Release|Win32
		{2C424D64-6285-4B14-A6B7-8E8DB0CDB0FB}.Release|Win32.Build.0 = Release|Win32
	EndGlobalSection
	GlobalSection(SolutionProperties) = preSolution
		HideSolutionNode = FALSE
	EndGlobalSection
EndGlobal
