
Microsoft Visual Studio Solution File, Format Version 9.00
# Visual Studio 2005
Project("{8BC9CEB8-8B4A-11D0-8D11-00A0C91BC942}") = "SetBkMode", "SetBkMode\SetBkMode.vcproj", "{94A20F57-17E1-4133-882A-5301EACD28F8}"
EndProject
Global
	GlobalSection(SolutionConfigurationPlatforms) = preSolution
		Debug|Win32 = Debug|Win32
		Release|Win32 = Release|Win32
	EndGlobalSection
	GlobalSection(ProjectConfigurationPlatforms) = postSolution
		{94A20F57-17E1-4133-882A-5301EACD28F8}.Debug|Win32.ActiveCfg = Debug|Win32
		{94A20F57-17E1-4133-882A-5301EACD28F8}.Debug|Win32.Build.0 = Debug|Win32
		{94A20F57-17E1-4133-882A-5301EACD28F8}.Release|Win32.ActiveCfg = Release|Win32
		{94A20F57-17E1-4133-882A-5301EACD28F8}.Release|Win32.Build.0 = Release|Win32
	EndGlobalSection
	GlobalSection(SolutionProperties) = preSolution
		HideSolutionNode = FALSE
	EndGlobalSection
EndGlobal
