
Microsoft Visual Studio Solution File, Format Version 9.00
# Visual Studio 2005
Project("{8BC9CEB8-8B4A-11D0-8D11-00A0C91BC942}") = "mbstowcs", "mbstowcs\mbstowcs.vcproj", "{0D60DC8B-4466-4778-B925-090DBBE03486}"
EndProject
Global
	GlobalSection(SolutionConfigurationPlatforms) = preSolution
		Debug|Win32 = Debug|Win32
		Release|Win32 = Release|Win32
	EndGlobalSection
	GlobalSection(ProjectConfigurationPlatforms) = postSolution
		{0D60DC8B-4466-4778-B925-090DBBE03486}.Debug|Win32.ActiveCfg = Debug|Win32
		{0D60DC8B-4466-4778-B925-090DBBE03486}.Debug|Win32.Build.0 = Debug|Win32
		{0D60DC8B-4466-4778-B925-090DBBE03486}.Release|Win32.ActiveCfg = Release|Win32
		{0D60DC8B-4466-4778-B925-090DBBE03486}.Release|Win32.Build.0 = Release|Win32
	EndGlobalSection
	GlobalSection(SolutionProperties) = preSolution
		HideSolutionNode = FALSE
	EndGlobalSection
EndGlobal
