
Microsoft Visual Studio Solution File, Format Version 9.00
# Visual Studio 2005
Project("{8BC9CEB8-8B4A-11D0-8D11-00A0C91BC942}") = "WM_MOUSELEAVE", "WM_MOUSELEAVE\WM_MOUSELEAVE.vcproj", "{9AD90048-017C-4E18-A927-CA090C2DD2FD}"
EndProject
Global
	GlobalSection(SolutionConfigurationPlatforms) = preSolution
		Debug|Win32 = Debug|Win32
		Release|Win32 = Release|Win32
	EndGlobalSection
	GlobalSection(ProjectConfigurationPlatforms) = postSolution
		{9AD90048-017C-4E18-A927-CA090C2DD2FD}.Debug|Win32.ActiveCfg = Debug|Win32
		{9AD90048-017C-4E18-A927-CA090C2DD2FD}.Debug|Win32.Build.0 = Debug|Win32
		{9AD90048-017C-4E18-A927-CA090C2DD2FD}.Release|Win32.ActiveCfg = Release|Win32
		{9AD90048-017C-4E18-A927-CA090C2DD2FD}.Release|Win32.Build.0 = Release|Win32
	EndGlobalSection
	GlobalSection(SolutionProperties) = preSolution
		HideSolutionNode = FALSE
	EndGlobalSection
EndGlobal
