
Microsoft Visual Studio Solution File, Format Version 9.00
# Visual Studio 2005
Project("{8BC9CEB8-8B4A-11D0-8D11-00A0C91BC942}") = "GetKeyboardState", "GetKeyboardState\GetKeyboardState.vcproj", "{290F5759-772D-484B-AA60-9F49030C6694}"
EndProject
Global
	GlobalSection(SolutionConfigurationPlatforms) = preSolution
		Debug|Win32 = Debug|Win32
		Release|Win32 = Release|Win32
	EndGlobalSection
	GlobalSection(ProjectConfigurationPlatforms) = postSolution
		{290F5759-772D-484B-AA60-9F49030C6694}.Debug|Win32.ActiveCfg = Debug|Win32
		{290F5759-772D-484B-AA60-9F49030C6694}.Debug|Win32.Build.0 = Debug|Win32
		{290F5759-772D-484B-AA60-9F49030C6694}.Release|Win32.ActiveCfg = Release|Win32
		{290F5759-772D-484B-AA60-9F49030C6694}.Release|Win32.Build.0 = Release|Win32
	EndGlobalSection
	GlobalSection(SolutionProperties) = preSolution
		HideSolutionNode = FALSE
	EndGlobalSection
EndGlobal
