
Microsoft Visual Studio Solution File, Format Version 9.00
# Visual Studio 2005
Project("{FAE04EC0-301F-11D3-BF4B-00C04F79EFBC}") = "Attribute_", "Attribute_\Attribute_.csproj", "{D26C97D0-4270-4AB3-80E6-E784C65D53B5}"
EndProject
Global
	GlobalSection(SolutionConfigurationPlatforms) = preSolution
		Debug|Any CPU = Debug|Any CPU
		Release|Any CPU = Release|Any CPU
	EndGlobalSection
	GlobalSection(ProjectConfigurationPlatforms) = postSolution
		{D26C97D0-4270-4AB3-80E6-E784C65D53B5}.Debug|Any CPU.ActiveCfg = Debug|Any CPU
		{D26C97D0-4270-4AB3-80E6-E784C65D53B5}.Debug|Any CPU.Build.0 = Debug|Any CPU
		{D26C97D0-4270-4AB3-80E6-E784C65D53B5}.Release|Any CPU.ActiveCfg = Release|Any CPU
		{D26C97D0-4270-4AB3-80E6-E784C65D53B5}.Release|Any CPU.Build.0 = Release|Any CPU
	EndGlobalSection
	GlobalSection(SolutionProperties) = preSolution
		HideSolutionNode = FALSE
	EndGlobalSection
EndGlobal
