
Microsoft Visual Studio Solution File, Format Version 9.00
# Visual Studio 2005
Project("{8BC9CEB8-8B4A-11D0-8D11-00A0C91BC942}") = "PBM_SETRANGE", "PBM_SETRANGE\PBM_SETRANGE.vcproj", "{02E841E9-9D2E-40ED-9D66-C65A371D9CBB}"
EndProject
Global
	GlobalSection(SolutionConfigurationPlatforms) = preSolution
		Debug|Win32 = Debug|Win32
		Release|Win32 = Release|Win32
	EndGlobalSection
	GlobalSection(ProjectConfigurationPlatforms) = postSolution
		{02E841E9-9D2E-40ED-9D66-C65A371D9CBB}.Debug|Win32.ActiveCfg = Debug|Win32
		{02E841E9-9D2E-40ED-9D66-C65A371D9CBB}.Debug|Win32.Build.0 = Debug|Win32
		{02E841E9-9D2E-40ED-9D66-C65A371D9CBB}.Release|Win32.ActiveCfg = Release|Win32
		{02E841E9-9D2E-40ED-9D66-C65A371D9CBB}.Release|Win32.Build.0 = Release|Win32
	EndGlobalSection
	GlobalSection(SolutionProperties) = preSolution
		HideSolutionNode = FALSE
	EndGlobalSection
EndGlobal
