
Microsoft Visual Studio Solution File, Format Version 9.00
# Visual Studio 2005
Project("{8BC9CEB8-8B4A-11D0-8D11-00A0C91BC942}") = "DDX_CBIndex", "DDX_CBIndex\DDX_CBIndex.vcproj", "{C5AA23F5-03F3-4337-B072-98747002B45D}"
EndProject
Global
	GlobalSection(SolutionConfigurationPlatforms) = preSolution
		Debug|Win32 = Debug|Win32
		Release|Win32 = Release|Win32
	EndGlobalSection
	GlobalSection(ProjectConfigurationPlatforms) = postSolution
		{C5AA23F5-03F3-4337-B072-98747002B45D}.Debug|Win32.ActiveCfg = Debug|Win32
		{C5AA23F5-03F3-4337-B072-98747002B45D}.Debug|Win32.Build.0 = Debug|Win32
		{C5AA23F5-03F3-4337-B072-98747002B45D}.Release|Win32.ActiveCfg = Release|Win32
		{C5AA23F5-03F3-4337-B072-98747002B45D}.Release|Win32.Build.0 = Release|Win32
	EndGlobalSection
	GlobalSection(SolutionProperties) = preSolution
		HideSolutionNode = FALSE
	EndGlobalSection
EndGlobal
