
Microsoft Visual Studio Solution File, Format Version 9.00
# Visual Studio 2005
Project("{8BC9CEB8-8B4A-11D0-8D11-00A0C91BC942}") = "ImageList_Create", "ImageList_Create\ImageList_Create.vcproj", "{6B9E4AD4-9F43-4245-83E6-18EA99662401}"
EndProject
Global
	GlobalSection(SolutionConfigurationPlatforms) = preSolution
		Debug|Win32 = Debug|Win32
		Release|Win32 = Release|Win32
	EndGlobalSection
	GlobalSection(ProjectConfigurationPlatforms) = postSolution
		{6B9E4AD4-9F43-4245-83E6-18EA99662401}.Debug|Win32.ActiveCfg = Debug|Win32
		{6B9E4AD4-9F43-4245-83E6-18EA99662401}.Debug|Win32.Build.0 = Debug|Win32
		{6B9E4AD4-9F43-4245-83E6-18EA99662401}.Release|Win32.ActiveCfg = Release|Win32
		{6B9E4AD4-9F43-4245-83E6-18EA99662401}.Release|Win32.Build.0 = Release|Win32
	EndGlobalSection
	GlobalSection(SolutionProperties) = preSolution
		HideSolutionNode = FALSE
	EndGlobalSection
EndGlobal
