
Microsoft Visual Studio Solution File, Format Version 9.00
# Visual Studio 2005
Project("{8BC9CEB8-8B4A-11D0-8D11-00A0C91BC942}") = "ImageList_GetImageCount", "ImageList_GetImageCount\ImageList_GetImageCount.vcproj", "{1D36CF25-F98C-47A9-BAB7-AAE346E15C7B}"
EndProject
Global
	GlobalSection(SolutionConfigurationPlatforms) = preSolution
		Debug|Win32 = Debug|Win32
		Release|Win32 = Release|Win32
	EndGlobalSection
	GlobalSection(ProjectConfigurationPlatforms) = postSolution
		{1D36CF25-F98C-47A9-BAB7-AAE346E15C7B}.Debug|Win32.ActiveCfg = Debug|Win32
		{1D36CF25-F98C-47A9-BAB7-AAE346E15C7B}.Debug|Win32.Build.0 = Debug|Win32
		{1D36CF25-F98C-47A9-BAB7-AAE346E15C7B}.Release|Win32.ActiveCfg = Release|Win32
		{1D36CF25-F98C-47A9-BAB7-AAE346E15C7B}.Release|Win32.Build.0 = Release|Win32
	EndGlobalSection
	GlobalSection(SolutionProperties) = preSolution
		HideSolutionNode = FALSE
	EndGlobalSection
EndGlobal
