
Microsoft Visual Studio Solution File, Format Version 9.00
# Visual Studio 2005
Project("{8BC9CEB8-8B4A-11D0-8D11-00A0C91BC942}") = "NMLVDISPINFO", "NMLVDISPINFO\NMLVDISPINFO.vcproj", "{F357DD82-C202-4E04-8FAC-955FB9219486}"
EndProject
Global
	GlobalSection(SolutionConfigurationPlatforms) = preSolution
		Debug|Win32 = Debug|Win32
		Release|Win32 = Release|Win32
	EndGlobalSection
	GlobalSection(ProjectConfigurationPlatforms) = postSolution
		{F357DD82-C202-4E04-8FAC-955FB9219486}.Debug|Win32.ActiveCfg = Debug|Win32
		{F357DD82-C202-4E04-8FAC-955FB9219486}.Debug|Win32.Build.0 = Debug|Win32
		{F357DD82-C202-4E04-8FAC-955FB9219486}.Release|Win32.ActiveCfg = Release|Win32
		{F357DD82-C202-4E04-8FAC-955FB9219486}.Release|Win32.Build.0 = Release|Win32
	EndGlobalSection
	GlobalSection(SolutionProperties) = preSolution
		HideSolutionNode = FALSE
	EndGlobalSection
EndGlobal
