
Microsoft Visual Studio Solution File, Format Version 9.00
# Visual Studio 2005
Project("{8BC9CEB8-8B4A-11D0-8D11-00A0C91BC942}") = "SetWindowRgn", "SetWindowRgn\SetWindowRgn.vcproj", "{CC9E97C3-3208-42EC-8239-E7B459FFA9D4}"
EndProject
Global
	GlobalSection(SolutionConfigurationPlatforms) = preSolution
		Debug|Win32 = Debug|Win32
		Release|Win32 = Release|Win32
	EndGlobalSection
	GlobalSection(ProjectConfigurationPlatforms) = postSolution
		{CC9E97C3-3208-42EC-8239-E7B459FFA9D4}.Debug|Win32.ActiveCfg = Debug|Win32
		{CC9E97C3-3208-42EC-8239-E7B459FFA9D4}.Debug|Win32.Build.0 = Debug|Win32
		{CC9E97C3-3208-42EC-8239-E7B459FFA9D4}.Release|Win32.ActiveCfg = Release|Win32
		{CC9E97C3-3208-42EC-8239-E7B459FFA9D4}.Release|Win32.Build.0 = Release|Win32
	EndGlobalSection
	GlobalSection(SolutionProperties) = preSolution
		HideSolutionNode = FALSE
	EndGlobalSection
EndGlobal
