
Microsoft Visual Studio Solution File, Format Version 10.00
# Visual Studio 2008
Project("{FAE04EC0-301F-11D3-BF4B-00C04F79EFBC}") = "RouteCollectionExtensions_", "RouteCollectionExtensions_\RouteCollectionExtensions_.csproj", "{72EE7817-9EAE-4336-854F-31838F5414FC}"
EndProject
Global
	GlobalSection(SolutionConfigurationPlatforms) = preSolution
		Debug|Any CPU = Debug|Any CPU
		Release|Any CPU = Release|Any CPU
	EndGlobalSection
	GlobalSection(ProjectConfigurationPlatforms) = postSolution
		{72EE7817-9EAE-4336-854F-31838F5414FC}.Debug|Any CPU.ActiveCfg = Debug|Any CPU
		{72EE7817-9EAE-4336-854F-31838F5414FC}.Debug|Any CPU.Build.0 = Debug|Any CPU
		{72EE7817-9EAE-4336-854F-31838F5414FC}.Release|Any CPU.ActiveCfg = Release|Any CPU
		{72EE7817-9EAE-4336-854F-31838F5414FC}.Release|Any CPU.Build.0 = Release|Any CPU
	EndGlobalSection
	GlobalSection(SolutionProperties) = preSolution
		HideSolutionNode = FALSE
	EndGlobalSection
EndGlobal
