
Microsoft Visual Studio Solution File, Format Version 9.00
# Visual Studio 2005
Project("{FAE04EC0-301F-11D3-BF4B-00C04F79EFBC}") = "ifDirective", "ifDirective\ifDirective.csproj", "{6F77082E-64B2-4705-99BA-258E35CF2C6C}"
EndProject
Global
	GlobalSection(SolutionConfigurationPlatforms) = preSolution
		Debug|Any CPU = Debug|Any CPU
		Release|Any CPU = Release|Any CPU
	EndGlobalSection
	GlobalSection(ProjectConfigurationPlatforms) = postSolution
		{6F77082E-64B2-4705-99BA-258E35CF2C6C}.Debug|Any CPU.ActiveCfg = Debug|Any CPU
		{6F77082E-64B2-4705-99BA-258E35CF2C6C}.Debug|Any CPU.Build.0 = Debug|Any CPU
		{6F77082E-64B2-4705-99BA-258E35CF2C6C}.Release|Any CPU.ActiveCfg = Release|Any CPU
		{6F77082E-64B2-4705-99BA-258E35CF2C6C}.Release|Any CPU.Build.0 = Release|Any CPU
	EndGlobalSection
	GlobalSection(SolutionProperties) = preSolution
		HideSolutionNode = FALSE
	EndGlobalSection
EndGlobal
