
Microsoft Visual Studio Solution File, Format Version 10.00
# Visual Studio 2008
Project("{FAE04EC0-301F-11D3-BF4B-00C04F79EFBC}") = "StackPanel_", "StackPanel_\StackPanel_.csproj", "{5C37718B-23EB-4BBB-AA98-F4E1DF86CC2C}"
EndProject
Global
	GlobalSection(SolutionConfigurationPlatforms) = preSolution
		Debug|Any CPU = Debug|Any CPU
		Release|Any CPU = Release|Any CPU
	EndGlobalSection
	GlobalSection(ProjectConfigurationPlatforms) = postSolution
		{5C37718B-23EB-4BBB-AA98-F4E1DF86CC2C}.Debug|Any CPU.ActiveCfg = Debug|Any CPU
		{5C37718B-23EB-4BBB-AA98-F4E1DF86CC2C}.Debug|Any CPU.Build.0 = Debug|Any CPU
		{5C37718B-23EB-4BBB-AA98-F4E1DF86CC2C}.Release|Any CPU.ActiveCfg = Release|Any CPU
		{5C37718B-23EB-4BBB-AA98-F4E1DF86CC2C}.Release|Any CPU.Build.0 = Release|Any CPU
	EndGlobalSection
	GlobalSection(SolutionProperties) = preSolution
		HideSolutionNode = FALSE
	EndGlobalSection
EndGlobal
