
Microsoft Visual Studio Solution File, Format Version 10.00
# Visual Studio 2008
Project("{FAE04EC0-301F-11D3-BF4B-00C04F79EFBC}") = "xmlns_x", "xmlns_x\xmlns_x.csproj", "{860AF8E3-CE9F-4E86-A32C-BAFFC2880761}"
EndProject
Global
	GlobalSection(SolutionConfigurationPlatforms) = preSolution
		Debug|Any CPU = Debug|Any CPU
		Release|Any CPU = Release|Any CPU
	EndGlobalSection
	GlobalSection(ProjectConfigurationPlatforms) = postSolution
		{860AF8E3-CE9F-4E86-A32C-BAFFC2880761}.Debug|Any CPU.ActiveCfg = Debug|Any CPU
		{860AF8E3-CE9F-4E86-A32C-BAFFC2880761}.Debug|Any CPU.Build.0 = Debug|Any CPU
		{860AF8E3-CE9F-4E86-A32C-BAFFC2880761}.Release|Any CPU.ActiveCfg = Release|Any CPU
		{860AF8E3-CE9F-4E86-A32C-BAFFC2880761}.Release|Any CPU.Build.0 = Release|Any CPU
	EndGlobalSection
	GlobalSection(SolutionProperties) = preSolution
		HideSolutionNode = FALSE
	EndGlobalSection
EndGlobal
