
Microsoft Visual Studio Solution File, Format Version 9.00
# Visual Studio 2005
Project("{8BC9CEB8-8B4A-11D0-8D11-00A0C91BC942}") = "WindowFromPoint", "WindowFromPoint\WindowFromPoint.vcproj", "{27ED3A59-BB73-4405-8D3E-B1D9F2E455E6}"
EndProject
Global
	GlobalSection(SolutionConfigurationPlatforms) = preSolution
		Debug|Win32 = Debug|Win32
		Release|Win32 = Release|Win32
	EndGlobalSection
	GlobalSection(ProjectConfigurationPlatforms) = postSolution
		{27ED3A59-BB73-4405-8D3E-B1D9F2E455E6}.Debug|Win32.ActiveCfg = Debug|Win32
		{27ED3A59-BB73-4405-8D3E-B1D9F2E455E6}.Debug|Win32.Build.0 = Debug|Win32
		{27ED3A59-BB73-4405-8D3E-B1D9F2E455E6}.Release|Win32.ActiveCfg = Release|Win32
		{27ED3A59-BB73-4405-8D3E-B1D9F2E455E6}.Release|Win32.Build.0 = Release|Win32
	EndGlobalSection
	GlobalSection(SolutionProperties) = preSolution
		HideSolutionNode = FALSE
	EndGlobalSection
EndGlobal
