
Microsoft Visual Studio Solution File, Format Version 9.00
# Visual Studio 2005
Project("{8BC9CEB8-8B4A-11D0-8D11-00A0C91BC942}") = "GetDlgCtrlID", "GetDlgCtrlID\GetDlgCtrlID.vcproj", "{AB91C3CC-C645-45B6-983C-14192E657F84}"
EndProject
Global
	GlobalSection(SolutionConfigurationPlatforms) = preSolution
		Debug|Win32 = Debug|Win32
		Release|Win32 = Release|Win32
	EndGlobalSection
	GlobalSection(ProjectConfigurationPlatforms) = postSolution
		{AB91C3CC-C645-45B6-983C-14192E657F84}.Debug|Win32.ActiveCfg = Debug|Win32
		{AB91C3CC-C645-45B6-983C-14192E657F84}.Debug|Win32.Build.0 = Debug|Win32
		{AB91C3CC-C645-45B6-983C-14192E657F84}.Release|Win32.ActiveCfg = Release|Win32
		{AB91C3CC-C645-45B6-983C-14192E657F84}.Release|Win32.Build.0 = Release|Win32
	EndGlobalSection
	GlobalSection(SolutionProperties) = preSolution
		HideSolutionNode = FALSE
	EndGlobalSection
EndGlobal
