
Microsoft Visual Studio Solution File, Format Version 10.00
# Visual Studio 2008
Project("{FAE04EC0-301F-11D3-BF4B-00C04F79EFBC}") = "Predicate_T_", "Predicate_T_\Predicate_T_.csproj", "{EDDA799E-CB77-422C-938E-9ABE8491D4A9}"
EndProject
Global
	GlobalSection(SolutionConfigurationPlatforms) = preSolution
		Debug|Any CPU = Debug|Any CPU
		Release|Any CPU = Release|Any CPU
	EndGlobalSection
	GlobalSection(ProjectConfigurationPlatforms) = postSolution
		{EDDA799E-CB77-422C-938E-9ABE8491D4A9}.Debug|Any CPU.ActiveCfg = Debug|Any CPU
		{EDDA799E-CB77-422C-938E-9ABE8491D4A9}.Debug|Any CPU.Build.0 = Debug|Any CPU
		{EDDA799E-CB77-422C-938E-9ABE8491D4A9}.Release|Any CPU.ActiveCfg = Release|Any CPU
		{EDDA799E-CB77-422C-938E-9ABE8491D4A9}.Release|Any CPU.Build.0 = Release|Any CPU
	EndGlobalSection
	GlobalSection(SolutionProperties) = preSolution
		HideSolutionNode = FALSE
	EndGlobalSection
EndGlobal
