
Microsoft Visual Studio Solution File, Format Version 9.00
# Visual Studio 2005
Project("{8BC9CEB8-8B4A-11D0-8D11-00A0C91BC942}") = "NM_CUSTOMDRAW", "NM_CUSTOMDRAW\NM_CUSTOMDRAW.vcproj", "{DD759277-CAE5-4FA5-8BF9-869E5FB8E42D}"
EndProject
Global
	GlobalSection(SolutionConfigurationPlatforms) = preSolution
		Debug|Win32 = Debug|Win32
		Release|Win32 = Release|Win32
	EndGlobalSection
	GlobalSection(ProjectConfigurationPlatforms) = postSolution
		{DD759277-CAE5-4FA5-8BF9-869E5FB8E42D}.Debug|Win32.ActiveCfg = Debug|Win32
		{DD759277-CAE5-4FA5-8BF9-869E5FB8E42D}.Debug|Win32.Build.0 = Debug|Win32
		{DD759277-CAE5-4FA5-8BF9-869E5FB8E42D}.Release|Win32.ActiveCfg = Release|Win32
		{DD759277-CAE5-4FA5-8BF9-869E5FB8E42D}.Release|Win32.Build.0 = Release|Win32
	EndGlobalSection
	GlobalSection(SolutionProperties) = preSolution
		HideSolutionNode = FALSE
	EndGlobalSection
EndGlobal
