
Microsoft Visual Studio Solution File, Format Version 9.00
# Visual Studio 2005
Project("{8BC9CEB8-8B4A-11D0-8D11-00A0C91BC942}") = "MainProcess", "MainProcess\MainProcess.vcproj", "{FCD22A08-8CCB-43F5-9C2C-DA90F5CA6EF6}"
EndProject
Project("{8BC9CEB8-8B4A-11D0-8D11-00A0C91BC942}") = "SubProcess", "SubProcess\SubProcess.vcproj", "{8D6FA628-C217-4AC0-AA4D-A49571AEB352}"
EndProject
Global
	GlobalSection(SolutionConfigurationPlatforms) = preSolution
		Debug|Win32 = Debug|Win32
		Release|Win32 = Release|Win32
	EndGlobalSection
	GlobalSection(ProjectConfigurationPlatforms) = postSolution
		{FCD22A08-8CCB-43F5-9C2C-DA90F5CA6EF6}.Debug|Win32.ActiveCfg = Debug|Win32
		{FCD22A08-8CCB-43F5-9C2C-DA90F5CA6EF6}.Debug|Win32.Build.0 = Debug|Win32
		{FCD22A08-8CCB-43F5-9C2C-DA90F5CA6EF6}.Release|Win32.ActiveCfg = Release|Win32
		{FCD22A08-8CCB-43F5-9C2C-DA90F5CA6EF6}.Release|Win32.Build.0 = Release|Win32
		{8D6FA628-C217-4AC0-AA4D-A49571AEB352}.Debug|Win32.ActiveCfg = Debug|Win32
		{8D6FA628-C217-4AC0-AA4D-A49571AEB352}.Debug|Win32.Build.0 = Debug|Win32
		{8D6FA628-C217-4AC0-AA4D-A49571AEB352}.Release|Win32.ActiveCfg = Release|Win32
		{8D6FA628-C217-4AC0-AA4D-A49571AEB352}.Release|Win32.Build.0 = Release|Win32
	EndGlobalSection
	GlobalSection(SolutionProperties) = preSolution
		HideSolutionNode = FALSE
	EndGlobalSection
EndGlobal
