
Microsoft Visual Studio Solution File, Format Version 9.00
# Visual Studio 2005
Project("{FAE04EC0-301F-11D3-BF4B-00C04F79EFBC}") = "ProcessStartInfo_", "ProcessStartInfo_\ProcessStartInfo_.csproj", "{C92C34F4-4395-495F-AE53-31EBE5884844}"
EndProject
Global
	GlobalSection(SolutionConfigurationPlatforms) = preSolution
		Debug|Any CPU = Debug|Any CPU
		Release|Any CPU = Release|Any CPU
	EndGlobalSection
	GlobalSection(ProjectConfigurationPlatforms) = postSolution
		{C92C34F4-4395-495F-AE53-31EBE5884844}.Debug|Any CPU.ActiveCfg = Debug|Any CPU
		{C92C34F4-4395-495F-AE53-31EBE5884844}.Debug|Any CPU.Build.0 = Debug|Any CPU
		{C92C34F4-4395-495F-AE53-31EBE5884844}.Release|Any CPU.ActiveCfg = Release|Any CPU
		{C92C34F4-4395-495F-AE53-31EBE5884844}.Release|Any CPU.Build.0 = Release|Any CPU
	EndGlobalSection
	GlobalSection(SolutionProperties) = preSolution
		HideSolutionNode = FALSE
	EndGlobalSection
EndGlobal
