
Microsoft Visual Studio Solution File, Format Version 9.00
# Visual Studio 2005
Project("{FAE04EC0-301F-11D3-BF4B-00C04F79EFBC}") = "Console", "Console\Console.csproj", "{040EBC52-8006-4E81-9F8B-1B8C08B325BA}"
EndProject
Global
	GlobalSection(SolutionConfigurationPlatforms) = preSolution
		Debug|Any CPU = Debug|Any CPU
		Release|Any CPU = Release|Any CPU
	EndGlobalSection
	GlobalSection(ProjectConfigurationPlatforms) = postSolution
		{040EBC52-8006-4E81-9F8B-1B8C08B325BA}.Debug|Any CPU.ActiveCfg = Debug|Any CPU
		{040EBC52-8006-4E81-9F8B-1B8C08B325BA}.Debug|Any CPU.Build.0 = Debug|Any CPU
		{040EBC52-8006-4E81-9F8B-1B8C08B325BA}.Release|Any CPU.ActiveCfg = Release|Any CPU
		{040EBC52-8006-4E81-9F8B-1B8C08B325BA}.Release|Any CPU.Build.0 = Release|Any CPU
	EndGlobalSection
	GlobalSection(SolutionProperties) = preSolution
		HideSolutionNode = FALSE
	EndGlobalSection
EndGlobal
