
Microsoft Visual Studio Solution File, Format Version 10.00
# Visual Studio 2008
Project("{FAE04EC0-301F-11D3-BF4B-00C04F79EFBC}") = "ViewDataDictionary_", "ViewDataDictionary_\ViewDataDictionary_.csproj", "{2089B57F-03ED-4245-A38B-273D5DA51F94}"
EndProject
Global
	GlobalSection(SolutionConfigurationPlatforms) = preSolution
		Debug|Any CPU = Debug|Any CPU
		Release|Any CPU = Release|Any CPU
	EndGlobalSection
	GlobalSection(ProjectConfigurationPlatforms) = postSolution
		{2089B57F-03ED-4245-A38B-273D5DA51F94}.Debug|Any CPU.ActiveCfg = Debug|Any CPU
		{2089B57F-03ED-4245-A38B-273D5DA51F94}.Debug|Any CPU.Build.0 = Debug|Any CPU
		{2089B57F-03ED-4245-A38B-273D5DA51F94}.Release|Any CPU.ActiveCfg = Release|Any CPU
		{2089B57F-03ED-4245-A38B-273D5DA51F94}.Release|Any CPU.Build.0 = Release|Any CPU
	EndGlobalSection
	GlobalSection(SolutionProperties) = preSolution
		HideSolutionNode = FALSE
	EndGlobalSection
EndGlobal
