
Microsoft Visual Studio Solution File, Format Version 9.00
# Visual Studio 2005
Project("{8BC9CEB8-8B4A-11D0-8D11-00A0C91BC942}") = "WLAN_NOTIFICATION_CALLBACK", "WLAN_NOTIFICATION_CALLBACK\WLAN_NOTIFICATION_CALLBACK.vcproj", "{2F2061C3-D15B-4899-AD4D-A250832282B1}"
EndProject
Global
	GlobalSection(SolutionConfigurationPlatforms) = preSolution
		Debug|Win32 = Debug|Win32
		Release|Win32 = Release|Win32
	EndGlobalSection
	GlobalSection(ProjectConfigurationPlatforms) = postSolution
		{2F2061C3-D15B-4899-AD4D-A250832282B1}.Debug|Win32.ActiveCfg = Debug|Win32
		{2F2061C3-D15B-4899-AD4D-A250832282B1}.Debug|Win32.Build.0 = Debug|Win32
		{2F2061C3-D15B-4899-AD4D-A250832282B1}.Release|Win32.ActiveCfg = Release|Win32
		{2F2061C3-D15B-4899-AD4D-A250832282B1}.Release|Win32.Build.0 = Release|Win32
	EndGlobalSection
	GlobalSection(SolutionProperties) = preSolution
		HideSolutionNode = FALSE
	EndGlobalSection
EndGlobal
