
Microsoft Visual Studio Solution File, Format Version 9.00
# Visual Studio 2005
Project("{FAE04EC0-301F-11D3-BF4B-00C04F79EFBC}") = "EndInvoke_", "EndInvoke_\EndInvoke_.csproj", "{14B388FD-4032-4958-AF4F-345D8CE230C8}"
EndProject
Global
	GlobalSection(SolutionConfigurationPlatforms) = preSolution
		Debug|Any CPU = Debug|Any CPU
		Release|Any CPU = Release|Any CPU
	EndGlobalSection
	GlobalSection(ProjectConfigurationPlatforms) = postSolution
		{14B388FD-4032-4958-AF4F-345D8CE230C8}.Debug|Any CPU.ActiveCfg = Debug|Any CPU
		{14B388FD-4032-4958-AF4F-345D8CE230C8}.Debug|Any CPU.Build.0 = Debug|Any CPU
		{14B388FD-4032-4958-AF4F-345D8CE230C8}.Release|Any CPU.ActiveCfg = Release|Any CPU
		{14B388FD-4032-4958-AF4F-345D8CE230C8}.Release|Any CPU.Build.0 = Release|Any CPU
	EndGlobalSection
	GlobalSection(SolutionProperties) = preSolution
		HideSolutionNode = FALSE
	EndGlobalSection
EndGlobal
