
Microsoft Visual Studio Solution File, Format Version 9.00
# Visual Studio 2005
Project("{8BC9CEB8-8B4A-11D0-8D11-00A0C91BC942}") = "ListView_SetCheckState", "ListView_SetCheckState\ListView_SetCheckState.vcproj", "{638F1BA5-83A5-44E9-9D35-33D46AB44F33}"
EndProject
Global
	GlobalSection(SolutionConfigurationPlatforms) = preSolution
		Debug|Win32 = Debug|Win32
		Release|Win32 = Release|Win32
	EndGlobalSection
	GlobalSection(ProjectConfigurationPlatforms) = postSolution
		{638F1BA5-83A5-44E9-9D35-33D46AB44F33}.Debug|Win32.ActiveCfg = Debug|Win32
		{638F1BA5-83A5-44E9-9D35-33D46AB44F33}.Debug|Win32.Build.0 = Debug|Win32
		{638F1BA5-83A5-44E9-9D35-33D46AB44F33}.Release|Win32.ActiveCfg = Release|Win32
		{638F1BA5-83A5-44E9-9D35-33D46AB44F33}.Release|Win32.Build.0 = Release|Win32
	EndGlobalSection
	GlobalSection(SolutionProperties) = preSolution
		HideSolutionNode = FALSE
	EndGlobalSection
EndGlobal
