
Microsoft Visual Studio Solution File, Format Version 9.00
# Visual Studio 2005
Project("{8BC9CEB8-8B4A-11D0-8D11-00A0C91BC942}") = "CreatePatternBrush", "CreatePatternBrush\CreatePatternBrush.vcproj", "{ABACFA59-9AA9-44D6-9B0B-F64FDF9B74A2}"
EndProject
Global
	GlobalSection(SolutionConfigurationPlatforms) = preSolution
		Debug|Win32 = Debug|Win32
		Release|Win32 = Release|Win32
	EndGlobalSection
	GlobalSection(ProjectConfigurationPlatforms) = postSolution
		{ABACFA59-9AA9-44D6-9B0B-F64FDF9B74A2}.Debug|Win32.ActiveCfg = Debug|Win32
		{ABACFA59-9AA9-44D6-9B0B-F64FDF9B74A2}.Debug|Win32.Build.0 = Debug|Win32
		{ABACFA59-9AA9-44D6-9B0B-F64FDF9B74A2}.Release|Win32.ActiveCfg = Release|Win32
		{ABACFA59-9AA9-44D6-9B0B-F64FDF9B74A2}.Release|Win32.Build.0 = Release|Win32
	EndGlobalSection
	GlobalSection(SolutionProperties) = preSolution
		HideSolutionNode = FALSE
	EndGlobalSection
EndGlobal
