
Microsoft Visual Studio Solution File, Format Version 9.00
# Visual Studio 2005
Project("{FAE04EC0-301F-11D3-BF4B-00C04F79EFBC}") = "Assembly_", "Assembly_\Assembly_.csproj", "{37822DF4-C2CA-4B5C-9218-C70FD984622F}"
EndProject
Global
	GlobalSection(SolutionConfigurationPlatforms) = preSolution
		Debug|Any CPU = Debug|Any CPU
		Release|Any CPU = Release|Any CPU
	EndGlobalSection
	GlobalSection(ProjectConfigurationPlatforms) = postSolution
		{37822DF4-C2CA-4B5C-9218-C70FD984622F}.Debug|Any CPU.ActiveCfg = Debug|Any CPU
		{37822DF4-C2CA-4B5C-9218-C70FD984622F}.Debug|Any CPU.Build.0 = Debug|Any CPU
		{37822DF4-C2CA-4B5C-9218-C70FD984622F}.Release|Any CPU.ActiveCfg = Release|Any CPU
		{37822DF4-C2CA-4B5C-9218-C70FD984622F}.Release|Any CPU.Build.0 = Release|Any CPU
	EndGlobalSection
	GlobalSection(SolutionProperties) = preSolution
		HideSolutionNode = FALSE
	EndGlobalSection
EndGlobal
