
Microsoft Visual Studio Solution File, Format Version 9.00
# Visual Studio 2005
Project("{8BC9CEB8-8B4A-11D0-8D11-00A0C91BC942}") = "Main", "Main\Main.vcproj", "{0F671548-D444-4451-BF71-102E5D1D78AE}"
EndProject
Global
	GlobalSection(SolutionConfigurationPlatforms) = preSolution
		Debug|Win32 = Debug|Win32
		Release|Win32 = Release|Win32
	EndGlobalSection
	GlobalSection(ProjectConfigurationPlatforms) = postSolution
		{0F671548-D444-4451-BF71-102E5D1D78AE}.Debug|Win32.ActiveCfg = Debug|Win32
		{0F671548-D444-4451-BF71-102E5D1D78AE}.Debug|Win32.Build.0 = Debug|Win32
		{0F671548-D444-4451-BF71-102E5D1D78AE}.Release|Win32.ActiveCfg = Release|Win32
		{0F671548-D444-4451-BF71-102E5D1D78AE}.Release|Win32.Build.0 = Release|Win32
	EndGlobalSection
	GlobalSection(SolutionProperties) = preSolution
		HideSolutionNode = FALSE
	EndGlobalSection
EndGlobal
