
Microsoft Visual Studio Solution File, Format Version 9.00
# Visual Studio 2005
Project("{8BC9CEB8-8B4A-11D0-8D11-00A0C91BC942}") = "GetTickCount", "GetTickCount\GetTickCount.vcproj", "{064DA605-EE88-4092-B983-A4DE0BCA406D}"
EndProject
Global
	GlobalSection(SolutionConfigurationPlatforms) = preSolution
		Debug|Win32 = Debug|Win32
		Release|Win32 = Release|Win32
	EndGlobalSection
	GlobalSection(ProjectConfigurationPlatforms) = postSolution
		{064DA605-EE88-4092-B983-A4DE0BCA406D}.Debug|Win32.ActiveCfg = Debug|Win32
		{064DA605-EE88-4092-B983-A4DE0BCA406D}.Debug|Win32.Build.0 = Debug|Win32
		{064DA605-EE88-4092-B983-A4DE0BCA406D}.Release|Win32.ActiveCfg = Release|Win32
		{064DA605-EE88-4092-B983-A4DE0BCA406D}.Release|Win32.Build.0 = Release|Win32
	EndGlobalSection
	GlobalSection(SolutionProperties) = preSolution
		HideSolutionNode = FALSE
	EndGlobalSection
EndGlobal
