
Microsoft Visual Studio Solution File, Format Version 9.00
# Visual Studio 2005
Project("{8BC9CEB8-8B4A-11D0-8D11-00A0C91BC942}") = "WC_BUTTON", "WC_BUTTON\WC_BUTTON.vcproj", "{E1C68139-BE33-4904-BDB7-7C11B5A03840}"
EndProject
Global
	GlobalSection(SolutionConfigurationPlatforms) = preSolution
		Debug|Win32 = Debug|Win32
		Release|Win32 = Release|Win32
	EndGlobalSection
	GlobalSection(ProjectConfigurationPlatforms) = postSolution
		{E1C68139-BE33-4904-BDB7-7C11B5A03840}.Debug|Win32.ActiveCfg = Debug|Win32
		{E1C68139-BE33-4904-BDB7-7C11B5A03840}.Debug|Win32.Build.0 = Debug|Win32
		{E1C68139-BE33-4904-BDB7-7C11B5A03840}.Release|Win32.ActiveCfg = Release|Win32
		{E1C68139-BE33-4904-BDB7-7C11B5A03840}.Release|Win32.Build.0 = Release|Win32
	EndGlobalSection
	GlobalSection(SolutionProperties) = preSolution
		HideSolutionNode = FALSE
	EndGlobalSection
EndGlobal
