
Microsoft Visual Studio Solution File, Format Version 9.00
# Visual Studio 2005
Project("{8BC9CEB8-8B4A-11D0-8D11-00A0C91BC942}") = "TVN_BEGINLABELEDIT", "TVN_BEGINLABELEDIT\TVN_BEGINLABELEDIT.vcproj", "{D5AA0F76-5A6A-4944-BEAC-ADCD488A1DD9}"
EndProject
Global
	GlobalSection(SolutionConfigurationPlatforms) = preSolution
		Debug|Win32 = Debug|Win32
		Release|Win32 = Release|Win32
	EndGlobalSection
	GlobalSection(ProjectConfigurationPlatforms) = postSolution
		{D5AA0F76-5A6A-4944-BEAC-ADCD488A1DD9}.Debug|Win32.ActiveCfg = Debug|Win32
		{D5AA0F76-5A6A-4944-BEAC-ADCD488A1DD9}.Debug|Win32.Build.0 = Debug|Win32
		{D5AA0F76-5A6A-4944-BEAC-ADCD488A1DD9}.Release|Win32.ActiveCfg = Release|Win32
		{D5AA0F76-5A6A-4944-BEAC-ADCD488A1DD9}.Release|Win32.Build.0 = Release|Win32
	EndGlobalSection
	GlobalSection(SolutionProperties) = preSolution
		HideSolutionNode = FALSE
	EndGlobalSection
EndGlobal
