
Microsoft Visual Studio Solution File, Format Version 9.00
# Visual Studio 2005
Project("{8BC9CEB8-8B4A-11D0-8D11-00A0C91BC942}") = "IDirectDrawSurface7", "IDirectDrawSurface7\IDirectDrawSurface7.vcproj", "{9FCBB51A-FFF6-4378-944B-90FD635B781A}"
EndProject
Global
	GlobalSection(SolutionConfigurationPlatforms) = preSolution
		Debug|Win32 = Debug|Win32
		Release|Win32 = Release|Win32
	EndGlobalSection
	GlobalSection(ProjectConfigurationPlatforms) = postSolution
		{9FCBB51A-FFF6-4378-944B-90FD635B781A}.Debug|Win32.ActiveCfg = Debug|Win32
		{9FCBB51A-FFF6-4378-944B-90FD635B781A}.Debug|Win32.Build.0 = Debug|Win32
		{9FCBB51A-FFF6-4378-944B-90FD635B781A}.Release|Win32.ActiveCfg = Release|Win32
		{9FCBB51A-FFF6-4378-944B-90FD635B781A}.Release|Win32.Build.0 = Release|Win32
	EndGlobalSection
	GlobalSection(SolutionProperties) = preSolution
		HideSolutionNode = FALSE
	EndGlobalSection
EndGlobal
