
Microsoft Visual Studio Solution File, Format Version 9.00
# Visual Studio 2005
Project("{8BC9CEB8-8B4A-11D0-8D11-00A0C91BC942}") = "DDX_LBString", "DDX_LBString\DDX_LBString.vcproj", "{E331D02E-8652-47F6-82FD-86B3997A05C1}"
EndProject
Global
	GlobalSection(SolutionConfigurationPlatforms) = preSolution
		Debug|Win32 = Debug|Win32
		Release|Win32 = Release|Win32
	EndGlobalSection
	GlobalSection(ProjectConfigurationPlatforms) = postSolution
		{E331D02E-8652-47F6-82FD-86B3997A05C1}.Debug|Win32.ActiveCfg = Debug|Win32
		{E331D02E-8652-47F6-82FD-86B3997A05C1}.Debug|Win32.Build.0 = Debug|Win32
		{E331D02E-8652-47F6-82FD-86B3997A05C1}.Release|Win32.ActiveCfg = Release|Win32
		{E331D02E-8652-47F6-82FD-86B3997A05C1}.Release|Win32.Build.0 = Release|Win32
	EndGlobalSection
	GlobalSection(SolutionProperties) = preSolution
		HideSolutionNode = FALSE
	EndGlobalSection
EndGlobal
