
Microsoft Visual Studio Solution File, Format Version 9.00
# Visual Studio 2005
Project("{8BC9CEB8-8B4A-11D0-8D11-00A0C91BC942}") = "WM_SYSCOMMAND", "WM_SYSCOMMAND\WM_SYSCOMMAND.vcproj", "{3646A245-B2A3-4C4D-9091-AA32398017F5}"
EndProject
Global
	GlobalSection(SolutionConfigurationPlatforms) = preSolution
		Debug|Win32 = Debug|Win32
		Release|Win32 = Release|Win32
	EndGlobalSection
	GlobalSection(ProjectConfigurationPlatforms) = postSolution
		{3646A245-B2A3-4C4D-9091-AA32398017F5}.Debug|Win32.ActiveCfg = Debug|Win32
		{3646A245-B2A3-4C4D-9091-AA32398017F5}.Debug|Win32.Build.0 = Debug|Win32
		{3646A245-B2A3-4C4D-9091-AA32398017F5}.Release|Win32.ActiveCfg = Release|Win32
		{3646A245-B2A3-4C4D-9091-AA32398017F5}.Release|Win32.Build.0 = Release|Win32
	EndGlobalSection
	GlobalSection(SolutionProperties) = preSolution
		HideSolutionNode = FALSE
	EndGlobalSection
EndGlobal
