
Microsoft Visual Studio Solution File, Format Version 11.00
# Visual Studio 2010
Project("{FAE04EC0-301F-11D3-BF4B-00C04F79EFBC}") = "CancellationToken_", "CancellationToken_\CancellationToken_.csproj", "{FFECE4CB-2F7F-4C9F-B98E-44677F0E6437}"
EndProject
Global
	GlobalSection(SolutionConfigurationPlatforms) = preSolution
		Debug|x86 = Debug|x86
		Release|x86 = Release|x86
	EndGlobalSection
	GlobalSection(ProjectConfigurationPlatforms) = postSolution
		{FFECE4CB-2F7F-4C9F-B98E-44677F0E6437}.Debug|x86.ActiveCfg = Debug|x86
		{FFECE4CB-2F7F-4C9F-B98E-44677F0E6437}.Debug|x86.Build.0 = Debug|x86
		{FFECE4CB-2F7F-4C9F-B98E-44677F0E6437}.Release|x86.ActiveCfg = Release|x86
		{FFECE4CB-2F7F-4C9F-B98E-44677F0E6437}.Release|x86.Build.0 = Release|x86
	EndGlobalSection
	GlobalSection(SolutionProperties) = preSolution
		HideSolutionNode = FALSE
	EndGlobalSection
EndGlobal
