
Microsoft Visual Studio Solution File, Format Version 10.00
# Visual Studio 2008
Project("{FAE04EC0-301F-11D3-BF4B-00C04F79EFBC}") = "FrameworkElement_", "FrameworkElement_\FrameworkElement_.csproj", "{A53AB4AF-77BF-49DC-8A68-56D5593F4CFE}"
EndProject
Global
	GlobalSection(SolutionConfigurationPlatforms) = preSolution
		Debug|Any CPU = Debug|Any CPU
		Release|Any CPU = Release|Any CPU
	EndGlobalSection
	GlobalSection(ProjectConfigurationPlatforms) = postSolution
		{A53AB4AF-77BF-49DC-8A68-56D5593F4CFE}.Debug|Any CPU.ActiveCfg = Debug|Any CPU
		{A53AB4AF-77BF-49DC-8A68-56D5593F4CFE}.Debug|Any CPU.Build.0 = Debug|Any CPU
		{A53AB4AF-77BF-49DC-8A68-56D5593F4CFE}.Release|Any CPU.ActiveCfg = Release|Any CPU
		{A53AB4AF-77BF-49DC-8A68-56D5593F4CFE}.Release|Any CPU.Build.0 = Release|Any CPU
	EndGlobalSection
	GlobalSection(SolutionProperties) = preSolution
		HideSolutionNode = FALSE
	EndGlobalSection
EndGlobal
