
Microsoft Visual Studio Solution File, Format Version 9.00
# Visual Studio 2005
Project("{8BC9CEB8-8B4A-11D0-8D11-00A0C91BC942}") = "LineTo", "LineTo\LineTo.vcproj", "{8FC6D511-B436-491F-B3CA-7D60931FF091}"
EndProject
Global
	GlobalSection(SolutionConfigurationPlatforms) = preSolution
		Debug|Win32 = Debug|Win32
		Release|Win32 = Release|Win32
	EndGlobalSection
	GlobalSection(ProjectConfigurationPlatforms) = postSolution
		{8FC6D511-B436-491F-B3CA-7D60931FF091}.Debug|Win32.ActiveCfg = Debug|Win32
		{8FC6D511-B436-491F-B3CA-7D60931FF091}.Debug|Win32.Build.0 = Debug|Win32
		{8FC6D511-B436-491F-B3CA-7D60931FF091}.Release|Win32.ActiveCfg = Release|Win32
		{8FC6D511-B436-491F-B3CA-7D60931FF091}.Release|Win32.Build.0 = Release|Win32
	EndGlobalSection
	GlobalSection(SolutionProperties) = preSolution
		HideSolutionNode = FALSE
	EndGlobalSection
EndGlobal
