
Microsoft Visual Studio Solution File, Format Version 9.00
# Visual Studio 2005
Project("{FAE04EC0-301F-11D3-BF4B-00C04F79EFBC}") = "Form_", "Form_\Form_.csproj", "{4D8AF457-E4B5-4DA3-8F8F-0542318AF62B}"
EndProject
Global
	GlobalSection(SolutionConfigurationPlatforms) = preSolution
		Debug|Any CPU = Debug|Any CPU
		Release|Any CPU = Release|Any CPU
	EndGlobalSection
	GlobalSection(ProjectConfigurationPlatforms) = postSolution
		{4D8AF457-E4B5-4DA3-8F8F-0542318AF62B}.Debug|Any CPU.ActiveCfg = Debug|Any CPU
		{4D8AF457-E4B5-4DA3-8F8F-0542318AF62B}.Debug|Any CPU.Build.0 = Debug|Any CPU
		{4D8AF457-E4B5-4DA3-8F8F-0542318AF62B}.Release|Any CPU.ActiveCfg = Release|Any CPU
		{4D8AF457-E4B5-4DA3-8F8F-0542318AF62B}.Release|Any CPU.Build.0 = Release|Any CPU
	EndGlobalSection
	GlobalSection(SolutionProperties) = preSolution
		HideSolutionNode = FALSE
	EndGlobalSection
EndGlobal
