
Microsoft Visual Studio Solution File, Format Version 9.00
# Visual Studio 2005
Project("{8BC9CEB8-8B4A-11D0-8D11-00A0C91BC942}") = "NM_CLICK", "NM_CLICK\NM_CLICK.vcproj", "{03DC64B0-60E9-4054-8956-F5B10C7A9174}"
EndProject
Global
	GlobalSection(SolutionConfigurationPlatforms) = preSolution
		Debug|Win32 = Debug|Win32
		Release|Win32 = Release|Win32
	EndGlobalSection
	GlobalSection(ProjectConfigurationPlatforms) = postSolution
		{03DC64B0-60E9-4054-8956-F5B10C7A9174}.Debug|Win32.ActiveCfg = Debug|Win32
		{03DC64B0-60E9-4054-8956-F5B10C7A9174}.Debug|Win32.Build.0 = Debug|Win32
		{03DC64B0-60E9-4054-8956-F5B10C7A9174}.Release|Win32.ActiveCfg = Release|Win32
		{03DC64B0-60E9-4054-8956-F5B10C7A9174}.Release|Win32.Build.0 = Release|Win32
	EndGlobalSection
	GlobalSection(SolutionProperties) = preSolution
		HideSolutionNode = FALSE
	EndGlobalSection
EndGlobal
