
Microsoft Visual Studio Solution File, Format Version 9.00
# Visual Studio 2005
Project("{8BC9CEB8-8B4A-11D0-8D11-00A0C91BC942}") = "CoTaskMemFree", "CoTaskMemFree\CoTaskMemFree.vcproj", "{812B8533-B3F2-45C0-A8A8-1BF0AC192480}"
EndProject
Global
	GlobalSection(SolutionConfigurationPlatforms) = preSolution
		Debug|Win32 = Debug|Win32
		Release|Win32 = Release|Win32
	EndGlobalSection
	GlobalSection(ProjectConfigurationPlatforms) = postSolution
		{812B8533-B3F2-45C0-A8A8-1BF0AC192480}.Debug|Win32.ActiveCfg = Debug|Win32
		{812B8533-B3F2-45C0-A8A8-1BF0AC192480}.Debug|Win32.Build.0 = Debug|Win32
		{812B8533-B3F2-45C0-A8A8-1BF0AC192480}.Release|Win32.ActiveCfg = Release|Win32
		{812B8533-B3F2-45C0-A8A8-1BF0AC192480}.Release|Win32.Build.0 = Release|Win32
	EndGlobalSection
	GlobalSection(SolutionProperties) = preSolution
		HideSolutionNode = FALSE
	EndGlobalSection
EndGlobal
