
Microsoft Visual Studio Solution File, Format Version 9.00
# Visual Studio 2005
Project("{8BC9CEB8-8B4A-11D0-8D11-00A0C91BC942}") = "SetLastError", "SetLastError\SetLastError.vcproj", "{C55A0917-C4FE-4241-8EA5-2C36B87F399D}"
EndProject
Global
	GlobalSection(SolutionConfigurationPlatforms) = preSolution
		Debug|Win32 = Debug|Win32
		Release|Win32 = Release|Win32
	EndGlobalSection
	GlobalSection(ProjectConfigurationPlatforms) = postSolution
		{C55A0917-C4FE-4241-8EA5-2C36B87F399D}.Debug|Win32.ActiveCfg = Debug|Win32
		{C55A0917-C4FE-4241-8EA5-2C36B87F399D}.Debug|Win32.Build.0 = Debug|Win32
		{C55A0917-C4FE-4241-8EA5-2C36B87F399D}.Release|Win32.ActiveCfg = Release|Win32
		{C55A0917-C4FE-4241-8EA5-2C36B87F399D}.Release|Win32.Build.0 = Release|Win32
	EndGlobalSection
	GlobalSection(SolutionProperties) = preSolution
		HideSolutionNode = FALSE
	EndGlobalSection
EndGlobal
