
Microsoft Visual Studio Solution File, Format Version 9.00
# Visual Studio 2005
Project("{8BC9CEB8-8B4A-11D0-8D11-00A0C91BC942}") = "LB_GETTEXTLEN", "LB_GETTEXTLEN\LB_GETTEXTLEN.vcproj", "{050E3E08-3061-4845-9C30-9613F557A23D}"
EndProject
Global
	GlobalSection(SolutionConfigurationPlatforms) = preSolution
		Debug|Win32 = Debug|Win32
		Release|Win32 = Release|Win32
	EndGlobalSection
	GlobalSection(ProjectConfigurationPlatforms) = postSolution
		{050E3E08-3061-4845-9C30-9613F557A23D}.Debug|Win32.ActiveCfg = Debug|Win32
		{050E3E08-3061-4845-9C30-9613F557A23D}.Debug|Win32.Build.0 = Debug|Win32
		{050E3E08-3061-4845-9C30-9613F557A23D}.Release|Win32.ActiveCfg = Release|Win32
		{050E3E08-3061-4845-9C30-9613F557A23D}.Release|Win32.Build.0 = Release|Win32
	EndGlobalSection
	GlobalSection(SolutionProperties) = preSolution
		HideSolutionNode = FALSE
	EndGlobalSection
EndGlobal
