
Microsoft Visual Studio Solution File, Format Version 10.00
# Visual Studio 2008
Project("{FAE04EC0-301F-11D3-BF4B-00C04F79EFBC}") = "Border_", "Border_\Border_.csproj", "{3A1C5D30-D62F-4FD7-8CD1-DE9450CCC7CB}"
EndProject
Global
	GlobalSection(SolutionConfigurationPlatforms) = preSolution
		Debug|Any CPU = Debug|Any CPU
		Release|Any CPU = Release|Any CPU
	EndGlobalSection
	GlobalSection(ProjectConfigurationPlatforms) = postSolution
		{3A1C5D30-D62F-4FD7-8CD1-DE9450CCC7CB}.Debug|Any CPU.ActiveCfg = Debug|Any CPU
		{3A1C5D30-D62F-4FD7-8CD1-DE9450CCC7CB}.Debug|Any CPU.Build.0 = Debug|Any CPU
		{3A1C5D30-D62F-4FD7-8CD1-DE9450CCC7CB}.Release|Any CPU.ActiveCfg = Release|Any CPU
		{3A1C5D30-D62F-4FD7-8CD1-DE9450CCC7CB}.Release|Any CPU.Build.0 = Release|Any CPU
	EndGlobalSection
	GlobalSection(SolutionProperties) = preSolution
		HideSolutionNode = FALSE
	EndGlobalSection
EndGlobal
