
Microsoft Visual Studio Solution File, Format Version 9.00
# Visual Studio 2005
Project("{8BC9CEB8-8B4A-11D0-8D11-00A0C91BC942}") = "SetupDiEnumDeviceInterfaces", "SetupDiEnumDeviceInterfaces\SetupDiEnumDeviceInterfaces.vcproj", "{F6B6AEF2-A0A2-437A-A226-EBEC1B7F3AE7}"
EndProject
Global
	GlobalSection(SolutionConfigurationPlatforms) = preSolution
		Debug|Win32 = Debug|Win32
		Release|Win32 = Release|Win32
	EndGlobalSection
	GlobalSection(ProjectConfigurationPlatforms) = postSolution
		{F6B6AEF2-A0A2-437A-A226-EBEC1B7F3AE7}.Debug|Win32.ActiveCfg = Debug|Win32
		{F6B6AEF2-A0A2-437A-A226-EBEC1B7F3AE7}.Debug|Win32.Build.0 = Debug|Win32
		{F6B6AEF2-A0A2-437A-A226-EBEC1B7F3AE7}.Release|Win32.ActiveCfg = Release|Win32
		{F6B6AEF2-A0A2-437A-A226-EBEC1B7F3AE7}.Release|Win32.Build.0 = Release|Win32
	EndGlobalSection
	GlobalSection(SolutionProperties) = preSolution
		HideSolutionNode = FALSE
	EndGlobalSection
EndGlobal
