
Microsoft Visual Studio Solution File, Format Version 9.00
# Visual Studio 2005
Project("{8BC9CEB8-8B4A-11D0-8D11-00A0C91BC942}") = "PageSetupDlg", "PageSetupDlg\PageSetupDlg.vcproj", "{9305A535-2AA5-4A5A-8862-019F7E74D1FC}"
EndProject
Global
	GlobalSection(SolutionConfigurationPlatforms) = preSolution
		Debug|Win32 = Debug|Win32
		Release|Win32 = Release|Win32
	EndGlobalSection
	GlobalSection(ProjectConfigurationPlatforms) = postSolution
		{9305A535-2AA5-4A5A-8862-019F7E74D1FC}.Debug|Win32.ActiveCfg = Debug|Win32
		{9305A535-2AA5-4A5A-8862-019F7E74D1FC}.Debug|Win32.Build.0 = Debug|Win32
		{9305A535-2AA5-4A5A-8862-019F7E74D1FC}.Release|Win32.ActiveCfg = Release|Win32
		{9305A535-2AA5-4A5A-8862-019F7E74D1FC}.Release|Win32.Build.0 = Release|Win32
	EndGlobalSection
	GlobalSection(SolutionProperties) = preSolution
		HideSolutionNode = FALSE
	EndGlobalSection
EndGlobal
