
Microsoft Visual Studio Solution File, Format Version 9.00
# Visual Studio 2005
Project("{FAE04EC0-301F-11D3-BF4B-00C04F79EFBC}") = "HtmlInputControl", "HtmlInputControl\HtmlInputControl.csproj", "{DE986B56-F512-443F-83A8-2B2EF740B0FE}"
	ProjectSection(WebsiteProperties) = preProject
		Debug.AspNetCompiler.Debug = "True"
		Release.AspNetCompiler.Debug = "False"
	EndProjectSection
EndProject
Global
	GlobalSection(SolutionConfigurationPlatforms) = preSolution
		Debug|Any CPU = Debug|Any CPU
		Release|Any CPU = Release|Any CPU
	EndGlobalSection
	GlobalSection(ProjectConfigurationPlatforms) = postSolution
		{DE986B56-F512-443F-83A8-2B2EF740B0FE}.Debug|Any CPU.ActiveCfg = Debug|Any CPU
		{DE986B56-F512-443F-83A8-2B2EF740B0FE}.Debug|Any CPU.Build.0 = Debug|Any CPU
		{DE986B56-F512-443F-83A8-2B2EF740B0FE}.Release|Any CPU.ActiveCfg = Release|Any CPU
		{DE986B56-F512-443F-83A8-2B2EF740B0FE}.Release|Any CPU.Build.0 = Release|Any CPU
	EndGlobalSection
	GlobalSection(SolutionProperties) = preSolution
		HideSolutionNode = FALSE
	EndGlobalSection
EndGlobal
