
Microsoft Visual Studio Solution File, Format Version 9.00
# Visual Studio 2005
Project("{FAE04EC0-301F-11D3-BF4B-00C04F79EFBC}") = "Object_", "Object_\Object_.csproj", "{1C008C56-83BB-425F-8295-4C295122822F}"
EndProject
Global
	GlobalSection(SolutionConfigurationPlatforms) = preSolution
		Debug|Any CPU = Debug|Any CPU
		Release|Any CPU = Release|Any CPU
	EndGlobalSection
	GlobalSection(ProjectConfigurationPlatforms) = postSolution
		{1C008C56-83BB-425F-8295-4C295122822F}.Debug|Any CPU.ActiveCfg = Debug|Any CPU
		{1C008C56-83BB-425F-8295-4C295122822F}.Debug|Any CPU.Build.0 = Debug|Any CPU
		{1C008C56-83BB-425F-8295-4C295122822F}.Release|Any CPU.ActiveCfg = Release|Any CPU
		{1C008C56-83BB-425F-8295-4C295122822F}.Release|Any CPU.Build.0 = Release|Any CPU
	EndGlobalSection
	GlobalSection(SolutionProperties) = preSolution
		HideSolutionNode = FALSE
	EndGlobalSection
EndGlobal
