
Microsoft Visual Studio Solution File, Format Version 9.00
# Visual Studio 2005
Project("{8BC9CEB8-8B4A-11D0-8D11-00A0C91BC942}") = "CreateThread", "CreateThread\CreateThread.vcproj", "{56336325-8656-4287-A77E-8B5671185753}"
EndProject
Global
	GlobalSection(SolutionConfigurationPlatforms) = preSolution
		Debug|Win32 = Debug|Win32
		Release|Win32 = Release|Win32
	EndGlobalSection
	GlobalSection(ProjectConfigurationPlatforms) = postSolution
		{56336325-8656-4287-A77E-8B5671185753}.Debug|Win32.ActiveCfg = Debug|Win32
		{56336325-8656-4287-A77E-8B5671185753}.Debug|Win32.Build.0 = Debug|Win32
		{56336325-8656-4287-A77E-8B5671185753}.Release|Win32.ActiveCfg = Release|Win32
		{56336325-8656-4287-A77E-8B5671185753}.Release|Win32.Build.0 = Release|Win32
	EndGlobalSection
	GlobalSection(SolutionProperties) = preSolution
		HideSolutionNode = FALSE
	EndGlobalSection
EndGlobal
