
Microsoft Visual Studio Solution File, Format Version 9.00
# Visual Studio 2005
Project("{8BC9CEB8-8B4A-11D0-8D11-00A0C91BC942}") = "ICON", "ICON\ICON.vcproj", "{4B12B91B-2494-47D2-AACB-F0E11AD217DD}"
EndProject
Global
	GlobalSection(SolutionConfigurationPlatforms) = preSolution
		Debug|Win32 = Debug|Win32
		Release|Win32 = Release|Win32
	EndGlobalSection
	GlobalSection(ProjectConfigurationPlatforms) = postSolution
		{4B12B91B-2494-47D2-AACB-F0E11AD217DD}.Debug|Win32.ActiveCfg = Debug|Win32
		{4B12B91B-2494-47D2-AACB-F0E11AD217DD}.Debug|Win32.Build.0 = Debug|Win32
		{4B12B91B-2494-47D2-AACB-F0E11AD217DD}.Release|Win32.ActiveCfg = Release|Win32
		{4B12B91B-2494-47D2-AACB-F0E11AD217DD}.Release|Win32.Build.0 = Release|Win32
	EndGlobalSection
	GlobalSection(SolutionProperties) = preSolution
		HideSolutionNode = FALSE
	EndGlobalSection
EndGlobal
