
Microsoft Visual Studio Solution File, Format Version 9.00
# Visual Studio 2005
Project("{8BC9CEB8-8B4A-11D0-8D11-00A0C91BC942}") = "LVN_GETDISPINFO", "LVN_GETDISPINFO\LVN_GETDISPINFO.vcproj", "{0689BC14-AF75-4A83-A75F-F10918634432}"
EndProject
Global
	GlobalSection(SolutionConfigurationPlatforms) = preSolution
		Debug|Win32 = Debug|Win32
		Release|Win32 = Release|Win32
	EndGlobalSection
	GlobalSection(ProjectConfigurationPlatforms) = postSolution
		{0689BC14-AF75-4A83-A75F-F10918634432}.Debug|Win32.ActiveCfg = Debug|Win32
		{0689BC14-AF75-4A83-A75F-F10918634432}.Debug|Win32.Build.0 = Debug|Win32
		{0689BC14-AF75-4A83-A75F-F10918634432}.Release|Win32.ActiveCfg = Release|Win32
		{0689BC14-AF75-4A83-A75F-F10918634432}.Release|Win32.Build.0 = Release|Win32
	EndGlobalSection
	GlobalSection(SolutionProperties) = preSolution
		HideSolutionNode = FALSE
	EndGlobalSection
EndGlobal
