
Microsoft Visual Studio Solution File, Format Version 9.00
# Visual Studio 2005
Project("{FAE04EC0-301F-11D3-BF4B-00C04F79EFBC}") = "ReadLine", "ReadLine\ReadLine.csproj", "{EE16A76F-4AC8-45A5-96B4-88276EA23F39}"
EndProject
Global
	GlobalSection(SolutionConfigurationPlatforms) = preSolution
		Debug|Any CPU = Debug|Any CPU
		Release|Any CPU = Release|Any CPU
	EndGlobalSection
	GlobalSection(ProjectConfigurationPlatforms) = postSolution
		{EE16A76F-4AC8-45A5-96B4-88276EA23F39}.Debug|Any CPU.ActiveCfg = Debug|Any CPU
		{EE16A76F-4AC8-45A5-96B4-88276EA23F39}.Debug|Any CPU.Build.0 = Debug|Any CPU
		{EE16A76F-4AC8-45A5-96B4-88276EA23F39}.Release|Any CPU.ActiveCfg = Release|Any CPU
		{EE16A76F-4AC8-45A5-96B4-88276EA23F39}.Release|Any CPU.Build.0 = Release|Any CPU
	EndGlobalSection
	GlobalSection(SolutionProperties) = preSolution
		HideSolutionNode = FALSE
	EndGlobalSection
EndGlobal
