
Microsoft Visual Studio Solution File, Format Version 9.00
# Visual Studio 2005
Project("{FAE04EC0-301F-11D3-BF4B-00C04F79EFBC}") = "AsyncCallback_", "AsyncCallback_\AsyncCallback_.csproj", "{CD82498F-0D28-42EC-9C12-53864730BBA9}"
EndProject
Global
	GlobalSection(SolutionConfigurationPlatforms) = preSolution
		Debug|Any CPU = Debug|Any CPU
		Release|Any CPU = Release|Any CPU
	EndGlobalSection
	GlobalSection(ProjectConfigurationPlatforms) = postSolution
		{CD82498F-0D28-42EC-9C12-53864730BBA9}.Debug|Any CPU.ActiveCfg = Debug|Any CPU
		{CD82498F-0D28-42EC-9C12-53864730BBA9}.Debug|Any CPU.Build.0 = Debug|Any CPU
		{CD82498F-0D28-42EC-9C12-53864730BBA9}.Release|Any CPU.ActiveCfg = Release|Any CPU
		{CD82498F-0D28-42EC-9C12-53864730BBA9}.Release|Any CPU.Build.0 = Release|Any CPU
	EndGlobalSection
	GlobalSection(SolutionProperties) = preSolution
		HideSolutionNode = FALSE
	EndGlobalSection
EndGlobal
