
Microsoft Visual Studio Solution File, Format Version 9.00
# Visual Studio 2005
Project("{8BC9CEB8-8B4A-11D0-8D11-00A0C91BC942}") = "SB_SIMPLE", "SB_SIMPLE\SB_SIMPLE.vcproj", "{73051A08-4693-414F-8C07-9215543F1623}"
EndProject
Global
	GlobalSection(SolutionConfigurationPlatforms) = preSolution
		Debug|Win32 = Debug|Win32
		Release|Win32 = Release|Win32
	EndGlobalSection
	GlobalSection(ProjectConfigurationPlatforms) = postSolution
		{73051A08-4693-414F-8C07-9215543F1623}.Debug|Win32.ActiveCfg = Debug|Win32
		{73051A08-4693-414F-8C07-9215543F1623}.Debug|Win32.Build.0 = Debug|Win32
		{73051A08-4693-414F-8C07-9215543F1623}.Release|Win32.ActiveCfg = Release|Win32
		{73051A08-4693-414F-8C07-9215543F1623}.Release|Win32.Build.0 = Release|Win32
	EndGlobalSection
	GlobalSection(SolutionProperties) = preSolution
		HideSolutionNode = FALSE
	EndGlobalSection
EndGlobal
