
Microsoft Visual Studio Solution File, Format Version 9.00
# Visual Studio 2005
Project("{FAE04EC0-301F-11D3-BF4B-00C04F79EFBC}") = "Point_", "Point_\Point_.csproj", "{AC841FDE-91E5-4A9C-B8DB-C33CED9E226E}"
EndProject
Global
	GlobalSection(SolutionConfigurationPlatforms) = preSolution
		Debug|Any CPU = Debug|Any CPU
		Release|Any CPU = Release|Any CPU
	EndGlobalSection
	GlobalSection(ProjectConfigurationPlatforms) = postSolution
		{AC841FDE-91E5-4A9C-B8DB-C33CED9E226E}.Debug|Any CPU.ActiveCfg = Debug|Any CPU
		{AC841FDE-91E5-4A9C-B8DB-C33CED9E226E}.Debug|Any CPU.Build.0 = Debug|Any CPU
		{AC841FDE-91E5-4A9C-B8DB-C33CED9E226E}.Release|Any CPU.ActiveCfg = Release|Any CPU
		{AC841FDE-91E5-4A9C-B8DB-C33CED9E226E}.Release|Any CPU.Build.0 = Release|Any CPU
	EndGlobalSection
	GlobalSection(SolutionProperties) = preSolution
		HideSolutionNode = FALSE
	EndGlobalSection
EndGlobal
