
Microsoft Visual Studio Solution File, Format Version 9.00
# Visual Studio 2005
Project("{FAE04EC0-301F-11D3-BF4B-00C04F79EFBC}") = "Int64_", "Int64_\Int64_.csproj", "{BF164B59-6A6C-478F-BCE4-8AB849EE6360}"
EndProject
Global
	GlobalSection(SolutionConfigurationPlatforms) = preSolution
		Debug|Any CPU = Debug|Any CPU
		Release|Any CPU = Release|Any CPU
	EndGlobalSection
	GlobalSection(ProjectConfigurationPlatforms) = postSolution
		{BF164B59-6A6C-478F-BCE4-8AB849EE6360}.Debug|Any CPU.ActiveCfg = Debug|Any CPU
		{BF164B59-6A6C-478F-BCE4-8AB849EE6360}.Debug|Any CPU.Build.0 = Debug|Any CPU
		{BF164B59-6A6C-478F-BCE4-8AB849EE6360}.Release|Any CPU.ActiveCfg = Release|Any CPU
		{BF164B59-6A6C-478F-BCE4-8AB849EE6360}.Release|Any CPU.Build.0 = Release|Any CPU
	EndGlobalSection
	GlobalSection(SolutionProperties) = preSolution
		HideSolutionNode = FALSE
	EndGlobalSection
EndGlobal
