
Microsoft Visual Studio Solution File, Format Version 9.00
# Visual Studio 2005
Project("{8BC9CEB8-8B4A-11D0-8D11-00A0C91BC942}") = "AddJob", "AddJob\AddJob.vcproj", "{DF70FE43-E53B-43A9-9186-2CCB4B5C7D00}"
EndProject
Global
	GlobalSection(SolutionConfigurationPlatforms) = preSolution
		Debug|Win32 = Debug|Win32
		Release|Win32 = Release|Win32
	EndGlobalSection
	GlobalSection(ProjectConfigurationPlatforms) = postSolution
		{DF70FE43-E53B-43A9-9186-2CCB4B5C7D00}.Debug|Win32.ActiveCfg = Debug|Win32
		{DF70FE43-E53B-43A9-9186-2CCB4B5C7D00}.Debug|Win32.Build.0 = Debug|Win32
		{DF70FE43-E53B-43A9-9186-2CCB4B5C7D00}.Release|Win32.ActiveCfg = Release|Win32
		{DF70FE43-E53B-43A9-9186-2CCB4B5C7D00}.Release|Win32.Build.0 = Release|Win32
	EndGlobalSection
	GlobalSection(SolutionProperties) = preSolution
		HideSolutionNode = FALSE
	EndGlobalSection
EndGlobal
