
Microsoft Visual Studio Solution File, Format Version 9.00
# Visual Studio 2005
Project("{8BC9CEB8-8B4A-11D0-8D11-00A0C91BC942}") = "BS_GROUPBOX", "BS_GROUPBOX\BS_GROUPBOX.vcproj", "{FE9DA9ED-7569-4CD2-ACA9-A0C5148DF79A}"
EndProject
Global
	GlobalSection(SolutionConfigurationPlatforms) = preSolution
		Debug|Win32 = Debug|Win32
		Release|Win32 = Release|Win32
	EndGlobalSection
	GlobalSection(ProjectConfigurationPlatforms) = postSolution
		{FE9DA9ED-7569-4CD2-ACA9-A0C5148DF79A}.Debug|Win32.ActiveCfg = Debug|Win32
		{FE9DA9ED-7569-4CD2-ACA9-A0C5148DF79A}.Debug|Win32.Build.0 = Debug|Win32
		{FE9DA9ED-7569-4CD2-ACA9-A0C5148DF79A}.Release|Win32.ActiveCfg = Release|Win32
		{FE9DA9ED-7569-4CD2-ACA9-A0C5148DF79A}.Release|Win32.Build.0 = Release|Win32
	EndGlobalSection
	GlobalSection(SolutionProperties) = preSolution
		HideSolutionNode = FALSE
	EndGlobalSection
EndGlobal
