
Microsoft Visual Studio Solution File, Format Version 9.00
# Visual Studio 2005
Project("{FAE04EC0-301F-11D3-BF4B-00C04F79EFBC}") = "event_", "event_\event_.csproj", "{AAE75743-CC76-4C7F-82F9-7407AB788FBD}"
EndProject
Global
	GlobalSection(SolutionConfigurationPlatforms) = preSolution
		Debug|Any CPU = Debug|Any CPU
		Release|Any CPU = Release|Any CPU
	EndGlobalSection
	GlobalSection(ProjectConfigurationPlatforms) = postSolution
		{AAE75743-CC76-4C7F-82F9-7407AB788FBD}.Debug|Any CPU.ActiveCfg = Debug|Any CPU
		{AAE75743-CC76-4C7F-82F9-7407AB788FBD}.Debug|Any CPU.Build.0 = Debug|Any CPU
		{AAE75743-CC76-4C7F-82F9-7407AB788FBD}.Release|Any CPU.ActiveCfg = Release|Any CPU
		{AAE75743-CC76-4C7F-82F9-7407AB788FBD}.Release|Any CPU.Build.0 = Release|Any CPU
	EndGlobalSection
	GlobalSection(SolutionProperties) = preSolution
		HideSolutionNode = FALSE
	EndGlobalSection
EndGlobal
