
Microsoft Visual Studio Solution File, Format Version 9.00
# Visual Studio 2005
Project("{FAE04EC0-301F-11D3-BF4B-00C04F79EFBC}") = "WebRequest_", "WebRequest_\WebRequest_.csproj", "{1962A1EF-896A-4371-A1AD-553775393B64}"
EndProject
Global
	GlobalSection(SolutionConfigurationPlatforms) = preSolution
		Debug|Any CPU = Debug|Any CPU
		Release|Any CPU = Release|Any CPU
	EndGlobalSection
	GlobalSection(ProjectConfigurationPlatforms) = postSolution
		{1962A1EF-896A-4371-A1AD-553775393B64}.Debug|Any CPU.ActiveCfg = Debug|Any CPU
		{1962A1EF-896A-4371-A1AD-553775393B64}.Debug|Any CPU.Build.0 = Debug|Any CPU
		{1962A1EF-896A-4371-A1AD-553775393B64}.Release|Any CPU.ActiveCfg = Release|Any CPU
		{1962A1EF-896A-4371-A1AD-553775393B64}.Release|Any CPU.Build.0 = Release|Any CPU
	EndGlobalSection
	GlobalSection(SolutionProperties) = preSolution
		HideSolutionNode = FALSE
	EndGlobalSection
EndGlobal
