
Microsoft Visual Studio Solution File, Format Version 9.00
# Visual Studio 2005
Project("{8BC9CEB8-8B4A-11D0-8D11-00A0C91BC942}") = "GWL_USERDATA", "GWL_USERDATA\GWL_USERDATA.vcproj", "{72F795B6-CF87-4033-AF6D-9D5BC0EA65CF}"
EndProject
Global
	GlobalSection(SolutionConfigurationPlatforms) = preSolution
		Debug|Win32 = Debug|Win32
		Release|Win32 = Release|Win32
	EndGlobalSection
	GlobalSection(ProjectConfigurationPlatforms) = postSolution
		{72F795B6-CF87-4033-AF6D-9D5BC0EA65CF}.Debug|Win32.ActiveCfg = Debug|Win32
		{72F795B6-CF87-4033-AF6D-9D5BC0EA65CF}.Debug|Win32.Build.0 = Debug|Win32
		{72F795B6-CF87-4033-AF6D-9D5BC0EA65CF}.Release|Win32.ActiveCfg = Release|Win32
		{72F795B6-CF87-4033-AF6D-9D5BC0EA65CF}.Release|Win32.Build.0 = Release|Win32
	EndGlobalSection
	GlobalSection(SolutionProperties) = preSolution
		HideSolutionNode = FALSE
	EndGlobalSection
EndGlobal
