
Microsoft Visual Studio Solution File, Format Version 9.00
# Visual Studio 2005
Project("{8BC9CEB8-8B4A-11D0-8D11-00A0C91BC942}") = "AdjustWindowRect", "AdjustWindowRect\AdjustWindowRect.vcproj", "{F11036DC-35FE-4A5A-B220-9163082F1994}"
EndProject
Global
	GlobalSection(SolutionConfigurationPlatforms) = preSolution
		Debug|Win32 = Debug|Win32
		Release|Win32 = Release|Win32
	EndGlobalSection
	GlobalSection(ProjectConfigurationPlatforms) = postSolution
		{F11036DC-35FE-4A5A-B220-9163082F1994}.Debug|Win32.ActiveCfg = Debug|Win32
		{F11036DC-35FE-4A5A-B220-9163082F1994}.Debug|Win32.Build.0 = Debug|Win32
		{F11036DC-35FE-4A5A-B220-9163082F1994}.Release|Win32.ActiveCfg = Release|Win32
		{F11036DC-35FE-4A5A-B220-9163082F1994}.Release|Win32.Build.0 = Release|Win32
	EndGlobalSection
	GlobalSection(SolutionProperties) = preSolution
		HideSolutionNode = FALSE
	EndGlobalSection
EndGlobal
