
Microsoft Visual Studio Solution File, Format Version 9.00
# Visual Studio 2005
Project("{8BC9CEB8-8B4A-11D0-8D11-00A0C91BC942}") = "WM_LBUTTONDBLCLK", "WM_LBUTTONDBLCLK\WM_LBUTTONDBLCLK.vcproj", "{275EB145-4F13-4FA5-98A9-792F7316DA06}"
EndProject
Global
	GlobalSection(SolutionConfigurationPlatforms) = preSolution
		Debug|Win32 = Debug|Win32
		Release|Win32 = Release|Win32
	EndGlobalSection
	GlobalSection(ProjectConfigurationPlatforms) = postSolution
		{275EB145-4F13-4FA5-98A9-792F7316DA06}.Debug|Win32.ActiveCfg = Debug|Win32
		{275EB145-4F13-4FA5-98A9-792F7316DA06}.Debug|Win32.Build.0 = Debug|Win32
		{275EB145-4F13-4FA5-98A9-792F7316DA06}.Release|Win32.ActiveCfg = Release|Win32
		{275EB145-4F13-4FA5-98A9-792F7316DA06}.Release|Win32.Build.0 = Release|Win32
	EndGlobalSection
	GlobalSection(SolutionProperties) = preSolution
		HideSolutionNode = FALSE
	EndGlobalSection
EndGlobal
