
Microsoft Visual Studio Solution File, Format Version 10.00
# Visual Studio 2008
Project("{FAE04EC0-301F-11D3-BF4B-00C04F79EFBC}") = "Application_", "Application_\Application_.csproj", "{4284039D-3E6C-4C63-9340-1122DE230E9E}"
EndProject
Global
	GlobalSection(SolutionConfigurationPlatforms) = preSolution
		Debug|Any CPU = Debug|Any CPU
		Release|Any CPU = Release|Any CPU
	EndGlobalSection
	GlobalSection(ProjectConfigurationPlatforms) = postSolution
		{4284039D-3E6C-4C63-9340-1122DE230E9E}.Debug|Any CPU.ActiveCfg = Debug|Any CPU
		{4284039D-3E6C-4C63-9340-1122DE230E9E}.Debug|Any CPU.Build.0 = Debug|Any CPU
		{4284039D-3E6C-4C63-9340-1122DE230E9E}.Release|Any CPU.ActiveCfg = Release|Any CPU
		{4284039D-3E6C-4C63-9340-1122DE230E9E}.Release|Any CPU.Build.0 = Release|Any CPU
	EndGlobalSection
	GlobalSection(SolutionProperties) = preSolution
		HideSolutionNode = FALSE
	EndGlobalSection
EndGlobal
