
Microsoft Visual Studio Solution File, Format Version 9.00
# Visual Studio 2005
Project("{FAE04EC0-301F-11D3-BF4B-00C04F79EFBC}") = "typeof", "typeof\typeof.csproj", "{6E5A4DE6-3B34-457E-A9C6-80CCD4EB4CCB}"
EndProject
Global
	GlobalSection(SolutionConfigurationPlatforms) = preSolution
		Debug|Any CPU = Debug|Any CPU
		Release|Any CPU = Release|Any CPU
	EndGlobalSection
	GlobalSection(ProjectConfigurationPlatforms) = postSolution
		{6E5A4DE6-3B34-457E-A9C6-80CCD4EB4CCB}.Debug|Any CPU.ActiveCfg = Debug|Any CPU
		{6E5A4DE6-3B34-457E-A9C6-80CCD4EB4CCB}.Debug|Any CPU.Build.0 = Debug|Any CPU
		{6E5A4DE6-3B34-457E-A9C6-80CCD4EB4CCB}.Release|Any CPU.ActiveCfg = Release|Any CPU
		{6E5A4DE6-3B34-457E-A9C6-80CCD4EB4CCB}.Release|Any CPU.Build.0 = Release|Any CPU
	EndGlobalSection
	GlobalSection(SolutionProperties) = preSolution
		HideSolutionNode = FALSE
	EndGlobalSection
EndGlobal
