
Microsoft Visual Studio Solution File, Format Version 9.00
# Visual Studio 2005
Project("{FAE04EC0-301F-11D3-BF4B-00C04F79EFBC}") = "Object_", "Object_\Object_.csproj", "{21AA1BAA-A023-4BAA-AAFA-90566125253B}"
EndProject
Global
	GlobalSection(SolutionConfigurationPlatforms) = preSolution
		Debug|Any CPU = Debug|Any CPU
		Release|Any CPU = Release|Any CPU
	EndGlobalSection
	GlobalSection(ProjectConfigurationPlatforms) = postSolution
		{21AA1BAA-A023-4BAA-AAFA-90566125253B}.Debug|Any CPU.ActiveCfg = Debug|Any CPU
		{21AA1BAA-A023-4BAA-AAFA-90566125253B}.Debug|Any CPU.Build.0 = Debug|Any CPU
		{21AA1BAA-A023-4BAA-AAFA-90566125253B}.Release|Any CPU.ActiveCfg = Release|Any CPU
		{21AA1BAA-A023-4BAA-AAFA-90566125253B}.Release|Any CPU.Build.0 = Release|Any CPU
	EndGlobalSection
	GlobalSection(SolutionProperties) = preSolution
		HideSolutionNode = FALSE
	EndGlobalSection
EndGlobal
