
Microsoft Visual Studio Solution File, Format Version 9.00
# Visual Studio 2005
Project("{8BC9CEB8-8B4A-11D0-8D11-00A0C91BC942}") = "WSAConnect", "WSAConnect\WSAConnect.vcproj", "{488976EF-1A0A-4095-9551-C9340A316BAA}"
EndProject
Project("{8BC9CEB8-8B4A-11D0-8D11-00A0C91BC942}") = "WSANtohs", "WSANtohs\WSANtohs.vcproj", "{502D2C20-2147-4323-8AEE-F99F1A1582CE}"
EndProject
Global
	GlobalSection(SolutionConfigurationPlatforms) = preSolution
		Debug|Win32 = Debug|Win32
		Release|Win32 = Release|Win32
	EndGlobalSection
	GlobalSection(ProjectConfigurationPlatforms) = postSolution
		{488976EF-1A0A-4095-9551-C9340A316BAA}.Debug|Win32.ActiveCfg = Debug|Win32
		{488976EF-1A0A-4095-9551-C9340A316BAA}.Debug|Win32.Build.0 = Debug|Win32
		{488976EF-1A0A-4095-9551-C9340A316BAA}.Release|Win32.ActiveCfg = Release|Win32
		{488976EF-1A0A-4095-9551-C9340A316BAA}.Release|Win32.Build.0 = Release|Win32
		{502D2C20-2147-4323-8AEE-F99F1A1582CE}.Debug|Win32.ActiveCfg = Debug|Win32
		{502D2C20-2147-4323-8AEE-F99F1A1582CE}.Debug|Win32.Build.0 = Debug|Win32
		{502D2C20-2147-4323-8AEE-F99F1A1582CE}.Release|Win32.ActiveCfg = Release|Win32
		{502D2C20-2147-4323-8AEE-F99F1A1582CE}.Release|Win32.Build.0 = Release|Win32
	EndGlobalSection
	GlobalSection(SolutionProperties) = preSolution
		HideSolutionNode = FALSE
	EndGlobalSection
EndGlobal
