
Microsoft Visual Studio Solution File, Format Version 9.00
# Visual Studio 2005
Project("{FAE04EC0-301F-11D3-BF4B-00C04F79EFBC}") = "Assembly_", "Assembly_\Assembly_.csproj", "{46877A0C-C218-431D-ACDD-9D10EA43BFFE}"
EndProject
Global
	GlobalSection(SolutionConfigurationPlatforms) = preSolution
		Debug|Any CPU = Debug|Any CPU
		Release|Any CPU = Release|Any CPU
	EndGlobalSection
	GlobalSection(ProjectConfigurationPlatforms) = postSolution
		{46877A0C-C218-431D-ACDD-9D10EA43BFFE}.Debug|Any CPU.ActiveCfg = Debug|Any CPU
		{46877A0C-C218-431D-ACDD-9D10EA43BFFE}.Debug|Any CPU.Build.0 = Debug|Any CPU
		{46877A0C-C218-431D-ACDD-9D10EA43BFFE}.Release|Any CPU.ActiveCfg = Release|Any CPU
		{46877A0C-C218-431D-ACDD-9D10EA43BFFE}.Release|Any CPU.Build.0 = Release|Any CPU
	EndGlobalSection
	GlobalSection(SolutionProperties) = preSolution
		HideSolutionNode = FALSE
	EndGlobalSection
EndGlobal
