
Microsoft Visual Studio Solution File, Format Version 9.00
# Visual Studio 2005
Project("{FAE04EC0-301F-11D3-BF4B-00C04F79EFBC}") = "ThreadPool_", "ThreadPool_\ThreadPool_.csproj", "{A3D78F21-0183-4D9F-9D1F-2D3A9F0A0B1F}"
EndProject
Global
	GlobalSection(SolutionConfigurationPlatforms) = preSolution
		Debug|Any CPU = Debug|Any CPU
		Release|Any CPU = Release|Any CPU
	EndGlobalSection
	GlobalSection(ProjectConfigurationPlatforms) = postSolution
		{A3D78F21-0183-4D9F-9D1F-2D3A9F0A0B1F}.Debug|Any CPU.ActiveCfg = Debug|Any CPU
		{A3D78F21-0183-4D9F-9D1F-2D3A9F0A0B1F}.Debug|Any CPU.Build.0 = Debug|Any CPU
		{A3D78F21-0183-4D9F-9D1F-2D3A9F0A0B1F}.Release|Any CPU.ActiveCfg = Release|Any CPU
		{A3D78F21-0183-4D9F-9D1F-2D3A9F0A0B1F}.Release|Any CPU.Build.0 = Release|Any CPU
	EndGlobalSection
	GlobalSection(SolutionProperties) = preSolution
		HideSolutionNode = FALSE
	EndGlobalSection
EndGlobal
