
Microsoft Visual Studio Solution File, Format Version 9.00
# Visual Studio 2005
Project("{8BC9CEB8-8B4A-11D0-8D11-00A0C91BC942}") = "CPaintDC", "CPaintDC\CPaintDC.vcproj", "{A3160854-7657-49A5-AC49-B4EFD9B26B74}"
EndProject
Global
	GlobalSection(SolutionConfigurationPlatforms) = preSolution
		Debug|Win32 = Debug|Win32
		Release|Win32 = Release|Win32
	EndGlobalSection
	GlobalSection(ProjectConfigurationPlatforms) = postSolution
		{A3160854-7657-49A5-AC49-B4EFD9B26B74}.Debug|Win32.ActiveCfg = Debug|Win32
		{A3160854-7657-49A5-AC49-B4EFD9B26B74}.Debug|Win32.Build.0 = Debug|Win32
		{A3160854-7657-49A5-AC49-B4EFD9B26B74}.Release|Win32.ActiveCfg = Release|Win32
		{A3160854-7657-49A5-AC49-B4EFD9B26B74}.Release|Win32.Build.0 = Release|Win32
	EndGlobalSection
	GlobalSection(SolutionProperties) = preSolution
		HideSolutionNode = FALSE
	EndGlobalSection
EndGlobal
