
Microsoft Visual Studio Solution File, Format Version 9.00
# Visual Studio 2005
Project("{8BC9CEB8-8B4A-11D0-8D11-00A0C91BC942}") = "VARIANT", "VARIANT\VARIANT.vcproj", "{B4194C1D-241E-4CD7-812E-8AB65F442266}"
EndProject
Global
	GlobalSection(SolutionConfigurationPlatforms) = preSolution
		Debug|Win32 = Debug|Win32
		Release|Win32 = Release|Win32
	EndGlobalSection
	GlobalSection(ProjectConfigurationPlatforms) = postSolution
		{B4194C1D-241E-4CD7-812E-8AB65F442266}.Debug|Win32.ActiveCfg = Debug|Win32
		{B4194C1D-241E-4CD7-812E-8AB65F442266}.Debug|Win32.Build.0 = Debug|Win32
		{B4194C1D-241E-4CD7-812E-8AB65F442266}.Release|Win32.ActiveCfg = Release|Win32
		{B4194C1D-241E-4CD7-812E-8AB65F442266}.Release|Win32.Build.0 = Release|Win32
	EndGlobalSection
	GlobalSection(SolutionProperties) = preSolution
		HideSolutionNode = FALSE
	EndGlobalSection
EndGlobal
