
Microsoft Visual Studio Solution File, Format Version 9.00
# Visual Studio 2005
Project("{FAE04EC0-301F-11D3-BF4B-00C04F79EFBC}") = "TextReader", "TextReader\TextReader.csproj", "{A1BA7616-4D7A-44A4-AADA-910EFE128754}"
EndProject
Global
	GlobalSection(SolutionConfigurationPlatforms) = preSolution
		Debug|Any CPU = Debug|Any CPU
		Release|Any CPU = Release|Any CPU
	EndGlobalSection
	GlobalSection(ProjectConfigurationPlatforms) = postSolution
		{A1BA7616-4D7A-44A4-AADA-910EFE128754}.Debug|Any CPU.ActiveCfg = Debug|Any CPU
		{A1BA7616-4D7A-44A4-AADA-910EFE128754}.Debug|Any CPU.Build.0 = Debug|Any CPU
		{A1BA7616-4D7A-44A4-AADA-910EFE128754}.Release|Any CPU.ActiveCfg = Release|Any CPU
		{A1BA7616-4D7A-44A4-AADA-910EFE128754}.Release|Any CPU.Build.0 = Release|Any CPU
	EndGlobalSection
	GlobalSection(SolutionProperties) = preSolution
		HideSolutionNode = FALSE
	EndGlobalSection
EndGlobal
