
Microsoft Visual Studio Solution File, Format Version 9.00
# Visual Studio 2005
Project("{8BC9CEB8-8B4A-11D0-8D11-00A0C91BC942}") = "CBN_EDITUPDATE", "CBN_EDITUPDATE\CBN_EDITUPDATE.vcproj", "{FC14ABD8-DD6E-4E21-AC86-A8051AA0BF53}"
EndProject
Global
	GlobalSection(SolutionConfigurationPlatforms) = preSolution
		Debug|Win32 = Debug|Win32
		Release|Win32 = Release|Win32
	EndGlobalSection
	GlobalSection(ProjectConfigurationPlatforms) = postSolution
		{FC14ABD8-DD6E-4E21-AC86-A8051AA0BF53}.Debug|Win32.ActiveCfg = Debug|Win32
		{FC14ABD8-DD6E-4E21-AC86-A8051AA0BF53}.Debug|Win32.Build.0 = Debug|Win32
		{FC14ABD8-DD6E-4E21-AC86-A8051AA0BF53}.Release|Win32.ActiveCfg = Release|Win32
		{FC14ABD8-DD6E-4E21-AC86-A8051AA0BF53}.Release|Win32.Build.0 = Release|Win32
	EndGlobalSection
	GlobalSection(SolutionProperties) = preSolution
		HideSolutionNode = FALSE
	EndGlobalSection
EndGlobal
