
Microsoft Visual Studio Solution File, Format Version 9.00
# Visual Studio 2005
Project("{FAE04EC0-301F-11D3-BF4B-00C04F79EFBC}") = "Type_", "Type_\Type_.csproj", "{7309EA7E-0E3B-40CC-9B57-27D157ED6660}"
EndProject
Global
	GlobalSection(SolutionConfigurationPlatforms) = preSolution
		Debug|Any CPU = Debug|Any CPU
		Release|Any CPU = Release|Any CPU
	EndGlobalSection
	GlobalSection(ProjectConfigurationPlatforms) = postSolution
		{7309EA7E-0E3B-40CC-9B57-27D157ED6660}.Debug|Any CPU.ActiveCfg = Debug|Any CPU
		{7309EA7E-0E3B-40CC-9B57-27D157ED6660}.Debug|Any CPU.Build.0 = Debug|Any CPU
		{7309EA7E-0E3B-40CC-9B57-27D157ED6660}.Release|Any CPU.ActiveCfg = Release|Any CPU
		{7309EA7E-0E3B-40CC-9B57-27D157ED6660}.Release|Any CPU.Build.0 = Release|Any CPU
	EndGlobalSection
	GlobalSection(SolutionProperties) = preSolution
		HideSolutionNode = FALSE
	EndGlobalSection
EndGlobal
