
Microsoft Visual Studio Solution File, Format Version 10.00
# Visual Studio 2008
Project("{FAE04EC0-301F-11D3-BF4B-00C04F79EFBC}") = "Application_", "Application_\Application_.csproj", "{CEA9807E-4F92-426A-8C29-22A9F03C3A52}"
EndProject
Global
	GlobalSection(SolutionConfigurationPlatforms) = preSolution
		Debug|Any CPU = Debug|Any CPU
		Release|Any CPU = Release|Any CPU
	EndGlobalSection
	GlobalSection(ProjectConfigurationPlatforms) = postSolution
		{CEA9807E-4F92-426A-8C29-22A9F03C3A52}.Debug|Any CPU.ActiveCfg = Debug|Any CPU
		{CEA9807E-4F92-426A-8C29-22A9F03C3A52}.Debug|Any CPU.Build.0 = Debug|Any CPU
		{CEA9807E-4F92-426A-8C29-22A9F03C3A52}.Release|Any CPU.ActiveCfg = Release|Any CPU
		{CEA9807E-4F92-426A-8C29-22A9F03C3A52}.Release|Any CPU.Build.0 = Release|Any CPU
	EndGlobalSection
	GlobalSection(SolutionProperties) = preSolution
		HideSolutionNode = FALSE
	EndGlobalSection
EndGlobal
