
Microsoft Visual Studio Solution File, Format Version 9.00
# Visual Studio 2005
Project("{FAE04EC0-301F-11D3-BF4B-00C04F79EFBC}") = "StreamWriter", "StreamWriter\StreamWriter.csproj", "{1F28A4C6-47CB-48E5-B68F-932E2DA6458B}"
EndProject
Global
	GlobalSection(SolutionConfigurationPlatforms) = preSolution
		Debug|Any CPU = Debug|Any CPU
		Release|Any CPU = Release|Any CPU
	EndGlobalSection
	GlobalSection(ProjectConfigurationPlatforms) = postSolution
		{1F28A4C6-47CB-48E5-B68F-932E2DA6458B}.Debug|Any CPU.ActiveCfg = Debug|Any CPU
		{1F28A4C6-47CB-48E5-B68F-932E2DA6458B}.Debug|Any CPU.Build.0 = Debug|Any CPU
		{1F28A4C6-47CB-48E5-B68F-932E2DA6458B}.Release|Any CPU.ActiveCfg = Release|Any CPU
		{1F28A4C6-47CB-48E5-B68F-932E2DA6458B}.Release|Any CPU.Build.0 = Release|Any CPU
	EndGlobalSection
	GlobalSection(SolutionProperties) = preSolution
		HideSolutionNode = FALSE
	EndGlobalSection
EndGlobal
