
Microsoft Visual Studio Solution File, Format Version 9.00
# Visual Studio 2005
Project("{FAE04EC0-301F-11D3-BF4B-00C04F79EFBC}") = "virtual", "virtual\virtual.csproj", "{11123410-B5B9-48C1-BBCA-8EA65047D28E}"
EndProject
Global
	GlobalSection(SolutionConfigurationPlatforms) = preSolution
		Debug|Any CPU = Debug|Any CPU
		Release|Any CPU = Release|Any CPU
	EndGlobalSection
	GlobalSection(ProjectConfigurationPlatforms) = postSolution
		{11123410-B5B9-48C1-BBCA-8EA65047D28E}.Debug|Any CPU.ActiveCfg = Debug|Any CPU
		{11123410-B5B9-48C1-BBCA-8EA65047D28E}.Debug|Any CPU.Build.0 = Debug|Any CPU
		{11123410-B5B9-48C1-BBCA-8EA65047D28E}.Release|Any CPU.ActiveCfg = Release|Any CPU
		{11123410-B5B9-48C1-BBCA-8EA65047D28E}.Release|Any CPU.Build.0 = Release|Any CPU
	EndGlobalSection
	GlobalSection(SolutionProperties) = preSolution
		HideSolutionNode = FALSE
	EndGlobalSection
EndGlobal
