
Microsoft Visual Studio Solution File, Format Version 9.00
# Visual Studio 2005
Project("{8BC9CEB8-8B4A-11D0-8D11-00A0C91BC942}") = "IWbemServices", "IWbemServices\IWbemServices.vcproj", "{58DE7E1C-4098-4275-8F9B-8E61AA5918BB}"
EndProject
Global
	GlobalSection(SolutionConfigurationPlatforms) = preSolution
		Debug|Win32 = Debug|Win32
		Release|Win32 = Release|Win32
	EndGlobalSection
	GlobalSection(ProjectConfigurationPlatforms) = postSolution
		{58DE7E1C-4098-4275-8F9B-8E61AA5918BB}.Debug|Win32.ActiveCfg = Debug|Win32
		{58DE7E1C-4098-4275-8F9B-8E61AA5918BB}.Debug|Win32.Build.0 = Debug|Win32
		{58DE7E1C-4098-4275-8F9B-8E61AA5918BB}.Release|Win32.ActiveCfg = Release|Win32
		{58DE7E1C-4098-4275-8F9B-8E61AA5918BB}.Release|Win32.Build.0 = Release|Win32
	EndGlobalSection
	GlobalSection(SolutionProperties) = preSolution
		HideSolutionNode = FALSE
	EndGlobalSection
EndGlobal
