
Microsoft Visual Studio Solution File, Format Version 9.00
# Visual Studio 2005
Project("{FAE04EC0-301F-11D3-BF4B-00C04F79EFBC}") = "Assembly_", "Assembly_\Assembly_.csproj", "{C9F63669-DC73-4B49-878A-252AD8BC81D5}"
EndProject
Global
	GlobalSection(SolutionConfigurationPlatforms) = preSolution
		Debug|Any CPU = Debug|Any CPU
		Release|Any CPU = Release|Any CPU
	EndGlobalSection
	GlobalSection(ProjectConfigurationPlatforms) = postSolution
		{C9F63669-DC73-4B49-878A-252AD8BC81D5}.Debug|Any CPU.ActiveCfg = Debug|Any CPU
		{C9F63669-DC73-4B49-878A-252AD8BC81D5}.Debug|Any CPU.Build.0 = Debug|Any CPU
		{C9F63669-DC73-4B49-878A-252AD8BC81D5}.Release|Any CPU.ActiveCfg = Release|Any CPU
		{C9F63669-DC73-4B49-878A-252AD8BC81D5}.Release|Any CPU.Build.0 = Release|Any CPU
	EndGlobalSection
	GlobalSection(SolutionProperties) = preSolution
		HideSolutionNode = FALSE
	EndGlobalSection
EndGlobal
