
Microsoft Visual Studio Solution File, Format Version 9.00
# Visual Studio 2005
Project("{8BC9CEB8-8B4A-11D0-8D11-00A0C91BC942}") = "GetStockObject", "GetStockObject\GetStockObject.vcproj", "{70312794-DA1A-4726-9BC5-7B6D299566A4}"
EndProject
Global
	GlobalSection(SolutionConfigurationPlatforms) = preSolution
		Debug|Win32 = Debug|Win32
		Release|Win32 = Release|Win32
	EndGlobalSection
	GlobalSection(ProjectConfigurationPlatforms) = postSolution
		{70312794-DA1A-4726-9BC5-7B6D299566A4}.Debug|Win32.ActiveCfg = Debug|Win32
		{70312794-DA1A-4726-9BC5-7B6D299566A4}.Debug|Win32.Build.0 = Debug|Win32
		{70312794-DA1A-4726-9BC5-7B6D299566A4}.Release|Win32.ActiveCfg = Release|Win32
		{70312794-DA1A-4726-9BC5-7B6D299566A4}.Release|Win32.Build.0 = Release|Win32
	EndGlobalSection
	GlobalSection(SolutionProperties) = preSolution
		HideSolutionNode = FALSE
	EndGlobalSection
EndGlobal
