
Microsoft Visual Studio Solution File, Format Version 10.00
# Visual Studio 2008
Project("{FAE04EC0-301F-11D3-BF4B-00C04F79EFBC}") = "Canvas_", "Canvas_\Canvas_.csproj", "{B632FA7F-9D7F-4AC8-98AC-85092DBDB2AA}"
EndProject
Global
	GlobalSection(SolutionConfigurationPlatforms) = preSolution
		Debug|Any CPU = Debug|Any CPU
		Release|Any CPU = Release|Any CPU
	EndGlobalSection
	GlobalSection(ProjectConfigurationPlatforms) = postSolution
		{B632FA7F-9D7F-4AC8-98AC-85092DBDB2AA}.Debug|Any CPU.ActiveCfg = Debug|Any CPU
		{B632FA7F-9D7F-4AC8-98AC-85092DBDB2AA}.Debug|Any CPU.Build.0 = Debug|Any CPU
		{B632FA7F-9D7F-4AC8-98AC-85092DBDB2AA}.Release|Any CPU.ActiveCfg = Release|Any CPU
		{B632FA7F-9D7F-4AC8-98AC-85092DBDB2AA}.Release|Any CPU.Build.0 = Release|Any CPU
	EndGlobalSection
	GlobalSection(SolutionProperties) = preSolution
		HideSolutionNode = FALSE
	EndGlobalSection
EndGlobal
