
Microsoft Visual Studio Solution File, Format Version 10.00
# Visual Studio 2008
Project("{FAE04EC0-301F-11D3-BF4B-00C04F79EFBC}") = "Window_", "Window_\Window_.csproj", "{022A8E43-B75C-421B-B14A-CC00FF9599CB}"
EndProject
Global
	GlobalSection(SolutionConfigurationPlatforms) = preSolution
		Debug|Any CPU = Debug|Any CPU
		Release|Any CPU = Release|Any CPU
	EndGlobalSection
	GlobalSection(ProjectConfigurationPlatforms) = postSolution
		{022A8E43-B75C-421B-B14A-CC00FF9599CB}.Debug|Any CPU.ActiveCfg = Debug|Any CPU
		{022A8E43-B75C-421B-B14A-CC00FF9599CB}.Debug|Any CPU.Build.0 = Debug|Any CPU
		{022A8E43-B75C-421B-B14A-CC00FF9599CB}.Release|Any CPU.ActiveCfg = Release|Any CPU
		{022A8E43-B75C-421B-B14A-CC00FF9599CB}.Release|Any CPU.Build.0 = Release|Any CPU
	EndGlobalSection
	GlobalSection(SolutionProperties) = preSolution
		HideSolutionNode = FALSE
	EndGlobalSection
EndGlobal
