
Microsoft Visual Studio Solution File, Format Version 9.00
# Visual Studio 2005
Project("{FAE04EC0-301F-11D3-BF4B-00C04F79EFBC}") = "IEnumerable_", "IEnumerable_\IEnumerable_.csproj", "{07FFE847-7415-49F0-9B90-1E47709C65EA}"
EndProject
Global
	GlobalSection(SolutionConfigurationPlatforms) = preSolution
		Debug|Any CPU = Debug|Any CPU
		Release|Any CPU = Release|Any CPU
	EndGlobalSection
	GlobalSection(ProjectConfigurationPlatforms) = postSolution
		{07FFE847-7415-49F0-9B90-1E47709C65EA}.Debug|Any CPU.ActiveCfg = Debug|Any CPU
		{07FFE847-7415-49F0-9B90-1E47709C65EA}.Debug|Any CPU.Build.0 = Debug|Any CPU
		{07FFE847-7415-49F0-9B90-1E47709C65EA}.Release|Any CPU.ActiveCfg = Release|Any CPU
		{07FFE847-7415-49F0-9B90-1E47709C65EA}.Release|Any CPU.Build.0 = Release|Any CPU
	EndGlobalSection
	GlobalSection(SolutionProperties) = preSolution
		HideSolutionNode = FALSE
	EndGlobalSection
EndGlobal
