
Microsoft Visual Studio Solution File, Format Version 9.00
# Visual Studio 2005
Project("{8BC9CEB8-8B4A-11D0-8D11-00A0C91BC942}") = "GCL_HCURSOR", "GCL_HCURSOR\GCL_HCURSOR.vcproj", "{D64622C5-747D-421C-A3D3-5EB6C28FFEF6}"
EndProject
Global
	GlobalSection(SolutionConfigurationPlatforms) = preSolution
		Debug|Win32 = Debug|Win32
		Release|Win32 = Release|Win32
	EndGlobalSection
	GlobalSection(ProjectConfigurationPlatforms) = postSolution
		{D64622C5-747D-421C-A3D3-5EB6C28FFEF6}.Debug|Win32.ActiveCfg = Debug|Win32
		{D64622C5-747D-421C-A3D3-5EB6C28FFEF6}.Debug|Win32.Build.0 = Debug|Win32
		{D64622C5-747D-421C-A3D3-5EB6C28FFEF6}.Release|Win32.ActiveCfg = Release|Win32
		{D64622C5-747D-421C-A3D3-5EB6C28FFEF6}.Release|Win32.Build.0 = Release|Win32
	EndGlobalSection
	GlobalSection(SolutionProperties) = preSolution
		HideSolutionNode = FALSE
	EndGlobalSection
EndGlobal
