
Microsoft Visual Studio Solution File, Format Version 9.00
# Visual Studio 2005
Project("{8BC9CEB8-8B4A-11D0-8D11-00A0C91BC942}") = "TOOLTIPS_CLASS", "TOOLTIPS_CLASS\TOOLTIPS_CLASS.vcproj", "{EAA9B52C-991B-465E-9804-AE936DAB9138}"
EndProject
Global
	GlobalSection(SolutionConfigurationPlatforms) = preSolution
		Debug|Win32 = Debug|Win32
		Release|Win32 = Release|Win32
	EndGlobalSection
	GlobalSection(ProjectConfigurationPlatforms) = postSolution
		{EAA9B52C-991B-465E-9804-AE936DAB9138}.Debug|Win32.ActiveCfg = Debug|Win32
		{EAA9B52C-991B-465E-9804-AE936DAB9138}.Debug|Win32.Build.0 = Debug|Win32
		{EAA9B52C-991B-465E-9804-AE936DAB9138}.Release|Win32.ActiveCfg = Release|Win32
		{EAA9B52C-991B-465E-9804-AE936DAB9138}.Release|Win32.Build.0 = Release|Win32
	EndGlobalSection
	GlobalSection(SolutionProperties) = preSolution
		HideSolutionNode = FALSE
	EndGlobalSection
EndGlobal
