
Microsoft Visual Studio Solution File, Format Version 9.00
# Visual Studio 2005
Project("{FAE04EC0-301F-11D3-BF4B-00C04F79EFBC}") = "long_", "long_\long_.csproj", "{7E1DEC64-2090-4CE9-B8EB-24B9B39E6E8C}"
EndProject
Global
	GlobalSection(SolutionConfigurationPlatforms) = preSolution
		Debug|Any CPU = Debug|Any CPU
		Release|Any CPU = Release|Any CPU
	EndGlobalSection
	GlobalSection(ProjectConfigurationPlatforms) = postSolution
		{7E1DEC64-2090-4CE9-B8EB-24B9B39E6E8C}.Debug|Any CPU.ActiveCfg = Debug|Any CPU
		{7E1DEC64-2090-4CE9-B8EB-24B9B39E6E8C}.Debug|Any CPU.Build.0 = Debug|Any CPU
		{7E1DEC64-2090-4CE9-B8EB-24B9B39E6E8C}.Release|Any CPU.ActiveCfg = Release|Any CPU
		{7E1DEC64-2090-4CE9-B8EB-24B9B39E6E8C}.Release|Any CPU.Build.0 = Release|Any CPU
	EndGlobalSection
	GlobalSection(SolutionProperties) = preSolution
		HideSolutionNode = FALSE
	EndGlobalSection
EndGlobal
