
Microsoft Visual Studio Solution File, Format Version 9.00
# Visual Studio 2005
Project("{FAE04EC0-301F-11D3-BF4B-00C04F79EFBC}") = "ClassLibrary", "ClassLibrary\ClassLibrary.csproj", "{CA5A7E5C-D16C-40E4-BB3C-0BD4FC5B9F90}"
EndProject
Project("{FAE04EC0-301F-11D3-BF4B-00C04F79EFBC}") = "Main", "Main\Main.csproj", "{4233A475-9077-487C-A1A8-485B5F3D76A0}"
EndProject
Global
	GlobalSection(SolutionConfigurationPlatforms) = preSolution
		Debug|Any CPU = Debug|Any CPU
		Release|Any CPU = Release|Any CPU
	EndGlobalSection
	GlobalSection(ProjectConfigurationPlatforms) = postSolution
		{CA5A7E5C-D16C-40E4-BB3C-0BD4FC5B9F90}.Debug|Any CPU.ActiveCfg = Debug|Any CPU
		{CA5A7E5C-D16C-40E4-BB3C-0BD4FC5B9F90}.Debug|Any CPU.Build.0 = Debug|Any CPU
		{CA5A7E5C-D16C-40E4-BB3C-0BD4FC5B9F90}.Release|Any CPU.ActiveCfg = Release|Any CPU
		{CA5A7E5C-D16C-40E4-BB3C-0BD4FC5B9F90}.Release|Any CPU.Build.0 = Release|Any CPU
		{4233A475-9077-487C-A1A8-485B5F3D76A0}.Debug|Any CPU.ActiveCfg = Debug|Any CPU
		{4233A475-9077-487C-A1A8-485B5F3D76A0}.Debug|Any CPU.Build.0 = Debug|Any CPU
		{4233A475-9077-487C-A1A8-485B5F3D76A0}.Release|Any CPU.ActiveCfg = Release|Any CPU
		{4233A475-9077-487C-A1A8-485B5F3D76A0}.Release|Any CPU.Build.0 = Release|Any CPU
	EndGlobalSection
	GlobalSection(SolutionProperties) = preSolution
		HideSolutionNode = FALSE
	EndGlobalSection
EndGlobal
