
Microsoft Visual Studio Solution File, Format Version 9.00
# Visual Studio 2005
Project("{8BC9CEB8-8B4A-11D0-8D11-00A0C91BC942}") = "DIALOG", "DIALOG\DIALOG.vcproj", "{FD03FEBB-4FE4-4D2D-A924-EE7E410E1204}"
EndProject
Global
	GlobalSection(SolutionConfigurationPlatforms) = preSolution
		Debug|Win32 = Debug|Win32
		Release|Win32 = Release|Win32
	EndGlobalSection
	GlobalSection(ProjectConfigurationPlatforms) = postSolution
		{FD03FEBB-4FE4-4D2D-A924-EE7E410E1204}.Debug|Win32.ActiveCfg = Debug|Win32
		{FD03FEBB-4FE4-4D2D-A924-EE7E410E1204}.Debug|Win32.Build.0 = Debug|Win32
		{FD03FEBB-4FE4-4D2D-A924-EE7E410E1204}.Release|Win32.ActiveCfg = Release|Win32
		{FD03FEBB-4FE4-4D2D-A924-EE7E410E1204}.Release|Win32.Build.0 = Release|Win32
	EndGlobalSection
	GlobalSection(SolutionProperties) = preSolution
		HideSolutionNode = FALSE
	EndGlobalSection
EndGlobal
