
Microsoft Visual Studio Solution File, Format Version 9.00
# Visual Studio 2005
Project("{FAE04EC0-301F-11D3-BF4B-00C04F79EFBC}") = "IList_T_", "IList_T_\IList_T_.csproj", "{378D620A-5D3E-4AD7-BD57-3D64CCCB8649}"
EndProject
Global
	GlobalSection(SolutionConfigurationPlatforms) = preSolution
		Debug|Any CPU = Debug|Any CPU
		Release|Any CPU = Release|Any CPU
	EndGlobalSection
	GlobalSection(ProjectConfigurationPlatforms) = postSolution
		{378D620A-5D3E-4AD7-BD57-3D64CCCB8649}.Debug|Any CPU.ActiveCfg = Debug|Any CPU
		{378D620A-5D3E-4AD7-BD57-3D64CCCB8649}.Debug|Any CPU.Build.0 = Debug|Any CPU
		{378D620A-5D3E-4AD7-BD57-3D64CCCB8649}.Release|Any CPU.ActiveCfg = Release|Any CPU
		{378D620A-5D3E-4AD7-BD57-3D64CCCB8649}.Release|Any CPU.Build.0 = Release|Any CPU
	EndGlobalSection
	GlobalSection(SolutionProperties) = preSolution
		HideSolutionNode = FALSE
	EndGlobalSection
EndGlobal
