
Microsoft Visual Studio Solution File, Format Version 9.00
# Visual Studio 2005
Project("{8BC9CEB8-8B4A-11D0-8D11-00A0C91BC942}") = "EN_CHANGE", "EN_CHANGE\EN_CHANGE.vcproj", "{58C6CC12-5201-475B-A890-C07F9D1A9A29}"
EndProject
Global
	GlobalSection(SolutionConfigurationPlatforms) = preSolution
		Debug|Win32 = Debug|Win32
		Release|Win32 = Release|Win32
	EndGlobalSection
	GlobalSection(ProjectConfigurationPlatforms) = postSolution
		{58C6CC12-5201-475B-A890-C07F9D1A9A29}.Debug|Win32.ActiveCfg = Debug|Win32
		{58C6CC12-5201-475B-A890-C07F9D1A9A29}.Debug|Win32.Build.0 = Debug|Win32
		{58C6CC12-5201-475B-A890-C07F9D1A9A29}.Release|Win32.ActiveCfg = Release|Win32
		{58C6CC12-5201-475B-A890-C07F9D1A9A29}.Release|Win32.Build.0 = Release|Win32
	EndGlobalSection
	GlobalSection(SolutionProperties) = preSolution
		HideSolutionNode = FALSE
	EndGlobalSection
EndGlobal
