
Microsoft Visual Studio Solution File, Format Version 9.00
# Visual Studio 2005
Project("{FAE04EC0-301F-11D3-BF4B-00C04F79EFBC}") = "StateBag_", "StateBag_\StateBag_.csproj", "{641C3B8C-D85E-4625-B41D-D82EFC92A348}"
	ProjectSection(WebsiteProperties) = preProject
		Debug.AspNetCompiler.Debug = "True"
		Release.AspNetCompiler.Debug = "False"
	EndProjectSection
EndProject
Global
	GlobalSection(SolutionConfigurationPlatforms) = preSolution
		Debug|Any CPU = Debug|Any CPU
		Release|Any CPU = Release|Any CPU
	EndGlobalSection
	GlobalSection(ProjectConfigurationPlatforms) = postSolution
		{641C3B8C-D85E-4625-B41D-D82EFC92A348}.Debug|Any CPU.ActiveCfg = Debug|Any CPU
		{641C3B8C-D85E-4625-B41D-D82EFC92A348}.Debug|Any CPU.Build.0 = Debug|Any CPU
		{641C3B8C-D85E-4625-B41D-D82EFC92A348}.Release|Any CPU.ActiveCfg = Release|Any CPU
		{641C3B8C-D85E-4625-B41D-D82EFC92A348}.Release|Any CPU.Build.0 = Release|Any CPU
	EndGlobalSection
	GlobalSection(SolutionProperties) = preSolution
		HideSolutionNode = FALSE
	EndGlobalSection
EndGlobal
