
Microsoft Visual Studio Solution File, Format Version 9.00
# Visual Studio 2005
Project("{FAE04EC0-301F-11D3-BF4B-00C04F79EFBC}") = "const_", "const_\const_.csproj", "{76E7183C-B79C-406F-BC49-D769FE4D85FC}"
EndProject
Global
	GlobalSection(SolutionConfigurationPlatforms) = preSolution
		Debug|Any CPU = Debug|Any CPU
		Release|Any CPU = Release|Any CPU
	EndGlobalSection
	GlobalSection(ProjectConfigurationPlatforms) = postSolution
		{76E7183C-B79C-406F-BC49-D769FE4D85FC}.Debug|Any CPU.ActiveCfg = Debug|Any CPU
		{76E7183C-B79C-406F-BC49-D769FE4D85FC}.Debug|Any CPU.Build.0 = Debug|Any CPU
		{76E7183C-B79C-406F-BC49-D769FE4D85FC}.Release|Any CPU.ActiveCfg = Release|Any CPU
		{76E7183C-B79C-406F-BC49-D769FE4D85FC}.Release|Any CPU.Build.0 = Release|Any CPU
	EndGlobalSection
	GlobalSection(SolutionProperties) = preSolution
		HideSolutionNode = FALSE
	EndGlobalSection
EndGlobal
