
Microsoft Visual Studio Solution File, Format Version 9.00
# Visual Studio 2005
Project("{FAE04EC0-301F-11D3-BF4B-00C04F79EFBC}") = "SqlConnection_", "SqlConnection_\SqlConnection_.csproj", "{863F4F39-00C0-496E-A541-D758F79B0E66}"
EndProject
Global
	GlobalSection(SolutionConfigurationPlatforms) = preSolution
		Debug|Any CPU = Debug|Any CPU
		Release|Any CPU = Release|Any CPU
	EndGlobalSection
	GlobalSection(ProjectConfigurationPlatforms) = postSolution
		{863F4F39-00C0-496E-A541-D758F79B0E66}.Debug|Any CPU.ActiveCfg = Debug|Any CPU
		{863F4F39-00C0-496E-A541-D758F79B0E66}.Debug|Any CPU.Build.0 = Debug|Any CPU
		{863F4F39-00C0-496E-A541-D758F79B0E66}.Release|Any CPU.ActiveCfg = Release|Any CPU
		{863F4F39-00C0-496E-A541-D758F79B0E66}.Release|Any CPU.Build.0 = Release|Any CPU
	EndGlobalSection
	GlobalSection(SolutionProperties) = preSolution
		HideSolutionNode = FALSE
	EndGlobalSection
EndGlobal
