
Microsoft Visual Studio Solution File, Format Version 9.00
# Visual Studio 2005
Project("{8BC9CEB8-8B4A-11D0-8D11-00A0C91BC942}") = "ExitThread", "ExitThread\ExitThread.vcproj", "{9495D630-76DC-4ADA-9B8B-BC07DF184315}"
EndProject
Global
	GlobalSection(SolutionConfigurationPlatforms) = preSolution
		Debug|Win32 = Debug|Win32
		Release|Win32 = Release|Win32
	EndGlobalSection
	GlobalSection(ProjectConfigurationPlatforms) = postSolution
		{9495D630-76DC-4ADA-9B8B-BC07DF184315}.Debug|Win32.ActiveCfg = Debug|Win32
		{9495D630-76DC-4ADA-9B8B-BC07DF184315}.Debug|Win32.Build.0 = Debug|Win32
		{9495D630-76DC-4ADA-9B8B-BC07DF184315}.Release|Win32.ActiveCfg = Release|Win32
		{9495D630-76DC-4ADA-9B8B-BC07DF184315}.Release|Win32.Build.0 = Release|Win32
	EndGlobalSection
	GlobalSection(SolutionProperties) = preSolution
		HideSolutionNode = FALSE
	EndGlobalSection
EndGlobal
