
Microsoft Visual Studio Solution File, Format Version 9.00
# Visual Studio 2005
Project("{8BC9CEB8-8B4A-11D0-8D11-00A0C91BC942}") = "CString", "CString\CString.vcproj", "{F6784434-DB91-47E0-BE6F-30CF62009CAF}"
EndProject
Global
	GlobalSection(SolutionConfigurationPlatforms) = preSolution
		Debug|Win32 = Debug|Win32
		Release|Win32 = Release|Win32
	EndGlobalSection
	GlobalSection(ProjectConfigurationPlatforms) = postSolution
		{F6784434-DB91-47E0-BE6F-30CF62009CAF}.Debug|Win32.ActiveCfg = Debug|Win32
		{F6784434-DB91-47E0-BE6F-30CF62009CAF}.Debug|Win32.Build.0 = Debug|Win32
		{F6784434-DB91-47E0-BE6F-30CF62009CAF}.Release|Win32.ActiveCfg = Release|Win32
		{F6784434-DB91-47E0-BE6F-30CF62009CAF}.Release|Win32.Build.0 = Release|Win32
	EndGlobalSection
	GlobalSection(SolutionProperties) = preSolution
		HideSolutionNode = FALSE
	EndGlobalSection
EndGlobal
