
Microsoft Visual Studio Solution File, Format Version 10.00
# Visual Studio 2008
Project("{FAE04EC0-301F-11D3-BF4B-00C04F79EFBC}") = "Enumerable_", "Enumerable_\Enumerable_.csproj", "{D9475BE2-E568-4307-8C03-6FD6F42C3EB0}"
EndProject
Global
	GlobalSection(SolutionConfigurationPlatforms) = preSolution
		Debug|Any CPU = Debug|Any CPU
		Release|Any CPU = Release|Any CPU
	EndGlobalSection
	GlobalSection(ProjectConfigurationPlatforms) = postSolution
		{D9475BE2-E568-4307-8C03-6FD6F42C3EB0}.Debug|Any CPU.ActiveCfg = Debug|Any CPU
		{D9475BE2-E568-4307-8C03-6FD6F42C3EB0}.Debug|Any CPU.Build.0 = Debug|Any CPU
		{D9475BE2-E568-4307-8C03-6FD6F42C3EB0}.Release|Any CPU.ActiveCfg = Release|Any CPU
		{D9475BE2-E568-4307-8C03-6FD6F42C3EB0}.Release|Any CPU.Build.0 = Release|Any CPU
	EndGlobalSection
	GlobalSection(SolutionProperties) = preSolution
		HideSolutionNode = FALSE
	EndGlobalSection
EndGlobal
