
Microsoft Visual Studio Solution File, Format Version 9.00
# Visual Studio 2005
Project("{8BC9CEB8-8B4A-11D0-8D11-00A0C91BC942}") = "timeEndPeriod", "timeEndPeriod\timeEndPeriod.vcproj", "{F71B2AE9-A8C9-47E3-9D64-6FB55FDD36C6}"
EndProject
Global
	GlobalSection(SolutionConfigurationPlatforms) = preSolution
		Debug|Win32 = Debug|Win32
		Release|Win32 = Release|Win32
	EndGlobalSection
	GlobalSection(ProjectConfigurationPlatforms) = postSolution
		{F71B2AE9-A8C9-47E3-9D64-6FB55FDD36C6}.Debug|Win32.ActiveCfg = Debug|Win32
		{F71B2AE9-A8C9-47E3-9D64-6FB55FDD36C6}.Debug|Win32.Build.0 = Debug|Win32
		{F71B2AE9-A8C9-47E3-9D64-6FB55FDD36C6}.Release|Win32.ActiveCfg = Release|Win32
		{F71B2AE9-A8C9-47E3-9D64-6FB55FDD36C6}.Release|Win32.Build.0 = Release|Win32
	EndGlobalSection
	GlobalSection(SolutionProperties) = preSolution
		HideSolutionNode = FALSE
	EndGlobalSection
EndGlobal
