
Microsoft Visual Studio Solution File, Format Version 10.00
# Visual Studio 2008
Project("{FAE04EC0-301F-11D3-BF4B-00C04F79EFBC}") = "Window", "Window\Window.csproj", "{0998538B-415A-4487-8382-6C5E0BF33AAE}"
EndProject
Global
	GlobalSection(SolutionConfigurationPlatforms) = preSolution
		Debug|Any CPU = Debug|Any CPU
		Release|Any CPU = Release|Any CPU
	EndGlobalSection
	GlobalSection(ProjectConfigurationPlatforms) = postSolution
		{0998538B-415A-4487-8382-6C5E0BF33AAE}.Debug|Any CPU.ActiveCfg = Debug|Any CPU
		{0998538B-415A-4487-8382-6C5E0BF33AAE}.Debug|Any CPU.Build.0 = Debug|Any CPU
		{0998538B-415A-4487-8382-6C5E0BF33AAE}.Release|Any CPU.ActiveCfg = Release|Any CPU
		{0998538B-415A-4487-8382-6C5E0BF33AAE}.Release|Any CPU.Build.0 = Release|Any CPU
	EndGlobalSection
	GlobalSection(SolutionProperties) = preSolution
		HideSolutionNode = FALSE
	EndGlobalSection
EndGlobal
