
Microsoft Visual Studio Solution File, Format Version 9.00
# Visual Studio 2005
Project("{FAE04EC0-301F-11D3-BF4B-00C04F79EFBC}") = "Assembly_", "Assembly_\Assembly_.csproj", "{F21E51D4-87B4-4646-8091-FC1D0F253C9F}"
EndProject
Global
	GlobalSection(SolutionConfigurationPlatforms) = preSolution
		Debug|Any CPU = Debug|Any CPU
		Release|Any CPU = Release|Any CPU
	EndGlobalSection
	GlobalSection(ProjectConfigurationPlatforms) = postSolution
		{F21E51D4-87B4-4646-8091-FC1D0F253C9F}.Debug|Any CPU.ActiveCfg = Debug|Any CPU
		{F21E51D4-87B4-4646-8091-FC1D0F253C9F}.Debug|Any CPU.Build.0 = Debug|Any CPU
		{F21E51D4-87B4-4646-8091-FC1D0F253C9F}.Release|Any CPU.ActiveCfg = Release|Any CPU
		{F21E51D4-87B4-4646-8091-FC1D0F253C9F}.Release|Any CPU.Build.0 = Release|Any CPU
	EndGlobalSection
	GlobalSection(SolutionProperties) = preSolution
		HideSolutionNode = FALSE
	EndGlobalSection
EndGlobal
