
Microsoft Visual Studio Solution File, Format Version 9.00
# Visual Studio 2005
Project("{8BC9CEB8-8B4A-11D0-8D11-00A0C91BC942}") = "I_S_G_D_N", "I_S_G_D_N\I_S_G_D_N.vcproj", "{27EF03DF-2C57-4565-948B-371989C1720B}"
EndProject
Global
	GlobalSection(SolutionConfigurationPlatforms) = preSolution
		Debug|Win32 = Debug|Win32
		Release|Win32 = Release|Win32
	EndGlobalSection
	GlobalSection(ProjectConfigurationPlatforms) = postSolution
		{27EF03DF-2C57-4565-948B-371989C1720B}.Debug|Win32.ActiveCfg = Debug|Win32
		{27EF03DF-2C57-4565-948B-371989C1720B}.Debug|Win32.Build.0 = Debug|Win32
		{27EF03DF-2C57-4565-948B-371989C1720B}.Release|Win32.ActiveCfg = Release|Win32
		{27EF03DF-2C57-4565-948B-371989C1720B}.Release|Win32.Build.0 = Release|Win32
	EndGlobalSection
	GlobalSection(SolutionProperties) = preSolution
		HideSolutionNode = FALSE
	EndGlobalSection
EndGlobal
