
Microsoft Visual Studio Solution File, Format Version 11.00
# Visual Studio 2010
Project("{FAE04EC0-301F-11D3-BF4B-00C04F79EFBC}") = "TaskScheduler_", "TaskScheduler_\TaskScheduler_.csproj", "{597FB755-2D1B-4934-B559-02FD087812E5}"
EndProject
Global
	GlobalSection(SolutionConfigurationPlatforms) = preSolution
		Debug|x86 = Debug|x86
		Release|x86 = Release|x86
	EndGlobalSection
	GlobalSection(ProjectConfigurationPlatforms) = postSolution
		{597FB755-2D1B-4934-B559-02FD087812E5}.Debug|x86.ActiveCfg = Debug|x86
		{597FB755-2D1B-4934-B559-02FD087812E5}.Debug|x86.Build.0 = Debug|x86
		{597FB755-2D1B-4934-B559-02FD087812E5}.Release|x86.ActiveCfg = Release|x86
		{597FB755-2D1B-4934-B559-02FD087812E5}.Release|x86.Build.0 = Release|x86
	EndGlobalSection
	GlobalSection(SolutionProperties) = preSolution
		HideSolutionNode = FALSE
	EndGlobalSection
EndGlobal
