
Microsoft Visual Studio Solution File, Format Version 9.00
# Visual Studio 2005
Project("{8BC9CEB8-8B4A-11D0-8D11-00A0C91BC942}") = "TOOLINFO", "TOOLINFO\TOOLINFO.vcproj", "{0E194CEC-11C2-44A0-AF44-2B9A137F35AB}"
EndProject
Global
	GlobalSection(SolutionConfigurationPlatforms) = preSolution
		Debug|Win32 = Debug|Win32
		Release|Win32 = Release|Win32
	EndGlobalSection
	GlobalSection(ProjectConfigurationPlatforms) = postSolution
		{0E194CEC-11C2-44A0-AF44-2B9A137F35AB}.Debug|Win32.ActiveCfg = Debug|Win32
		{0E194CEC-11C2-44A0-AF44-2B9A137F35AB}.Debug|Win32.Build.0 = Debug|Win32
		{0E194CEC-11C2-44A0-AF44-2B9A137F35AB}.Release|Win32.ActiveCfg = Release|Win32
		{0E194CEC-11C2-44A0-AF44-2B9A137F35AB}.Release|Win32.Build.0 = Release|Win32
	EndGlobalSection
	GlobalSection(SolutionProperties) = preSolution
		HideSolutionNode = FALSE
	EndGlobalSection
EndGlobal
