
Microsoft Visual Studio Solution File, Format Version 9.00
# Visual Studio 2005
Project("{8BC9CEB8-8B4A-11D0-8D11-00A0C91BC942}") = "PRINTER_NOTIFY_OPTIONS_TYPE", "PRINTER_NOTIFY_OPTIONS_TYPE\PRINTER_NOTIFY_OPTIONS_TYPE.vcproj", "{B536F416-B21C-4B92-84BA-C37B7373CE86}"
EndProject
Global
	GlobalSection(SolutionConfigurationPlatforms) = preSolution
		Debug|Win32 = Debug|Win32
		Release|Win32 = Release|Win32
	EndGlobalSection
	GlobalSection(ProjectConfigurationPlatforms) = postSolution
		{B536F416-B21C-4B92-84BA-C37B7373CE86}.Debug|Win32.ActiveCfg = Debug|Win32
		{B536F416-B21C-4B92-84BA-C37B7373CE86}.Debug|Win32.Build.0 = Debug|Win32
		{B536F416-B21C-4B92-84BA-C37B7373CE86}.Release|Win32.ActiveCfg = Release|Win32
		{B536F416-B21C-4B92-84BA-C37B7373CE86}.Release|Win32.Build.0 = Release|Win32
	EndGlobalSection
	GlobalSection(SolutionProperties) = preSolution
		HideSolutionNode = FALSE
	EndGlobalSection
EndGlobal
