
Microsoft Visual Studio Solution File, Format Version 9.00
# Visual Studio 2005
Project("{8BC9CEB8-8B4A-11D0-8D11-00A0C91BC942}") = "LVN_INSERTITEM", "LVN_INSERTITEM\LVN_INSERTITEM.vcproj", "{12095C2A-EEB1-4278-BF87-B083E1B322E2}"
EndProject
Global
	GlobalSection(SolutionConfigurationPlatforms) = preSolution
		Debug|Win32 = Debug|Win32
		Release|Win32 = Release|Win32
	EndGlobalSection
	GlobalSection(ProjectConfigurationPlatforms) = postSolution
		{12095C2A-EEB1-4278-BF87-B083E1B322E2}.Debug|Win32.ActiveCfg = Debug|Win32
		{12095C2A-EEB1-4278-BF87-B083E1B322E2}.Debug|Win32.Build.0 = Debug|Win32
		{12095C2A-EEB1-4278-BF87-B083E1B322E2}.Release|Win32.ActiveCfg = Release|Win32
		{12095C2A-EEB1-4278-BF87-B083E1B322E2}.Release|Win32.Build.0 = Release|Win32
	EndGlobalSection
	GlobalSection(SolutionProperties) = preSolution
		HideSolutionNode = FALSE
	EndGlobalSection
EndGlobal
