
Microsoft Visual Studio Solution File, Format Version 9.00
# Visual Studio 2005
Project("{8BC9CEB8-8B4A-11D0-8D11-00A0C91BC942}") = "Win32_DiskDriveToDiskPartition", "Win32_DiskDriveToDiskPartition\Win32_DiskDriveToDiskPartition.vcproj", "{F0A5BE3C-111E-4496-8298-CB4B6980A12F}"
EndProject
Global
	GlobalSection(SolutionConfigurationPlatforms) = preSolution
		Debug|Win32 = Debug|Win32
		Release|Win32 = Release|Win32
	EndGlobalSection
	GlobalSection(ProjectConfigurationPlatforms) = postSolution
		{F0A5BE3C-111E-4496-8298-CB4B6980A12F}.Debug|Win32.ActiveCfg = Debug|Win32
		{F0A5BE3C-111E-4496-8298-CB4B6980A12F}.Debug|Win32.Build.0 = Debug|Win32
		{F0A5BE3C-111E-4496-8298-CB4B6980A12F}.Release|Win32.ActiveCfg = Release|Win32
		{F0A5BE3C-111E-4496-8298-CB4B6980A12F}.Release|Win32.Build.0 = Release|Win32
	EndGlobalSection
	GlobalSection(SolutionProperties) = preSolution
		HideSolutionNode = FALSE
	EndGlobalSection
EndGlobal
