
Microsoft Visual Studio Solution File, Format Version 9.00
# Visual Studio 2005
Project("{8BC9CEB8-8B4A-11D0-8D11-00A0C91BC942}") = "ListView_SubItemHitTest", "ListView_SubItemHitTest\ListView_SubItemHitTest.vcproj", "{1A995919-F287-405F-B327-E37E89E9B58A}"
EndProject
Global
	GlobalSection(SolutionConfigurationPlatforms) = preSolution
		Debug|Win32 = Debug|Win32
		Release|Win32 = Release|Win32
	EndGlobalSection
	GlobalSection(ProjectConfigurationPlatforms) = postSolution
		{1A995919-F287-405F-B327-E37E89E9B58A}.Debug|Win32.ActiveCfg = Debug|Win32
		{1A995919-F287-405F-B327-E37E89E9B58A}.Debug|Win32.Build.0 = Debug|Win32
		{1A995919-F287-405F-B327-E37E89E9B58A}.Release|Win32.ActiveCfg = Release|Win32
		{1A995919-F287-405F-B327-E37E89E9B58A}.Release|Win32.Build.0 = Release|Win32
	EndGlobalSection
	GlobalSection(SolutionProperties) = preSolution
		HideSolutionNode = FALSE
	EndGlobalSection
EndGlobal
