
Microsoft Visual Studio Solution File, Format Version 9.00
# Visual Studio 2005
Project("{8BC9CEB8-8B4A-11D0-8D11-00A0C91BC942}") = "SetClipboardData", "SetClipboardData\SetClipboardData.vcproj", "{CDAEE0B7-1802-45B5-90B0-AE970960B8D8}"
EndProject
Global
	GlobalSection(SolutionConfigurationPlatforms) = preSolution
		Debug|Win32 = Debug|Win32
		Release|Win32 = Release|Win32
	EndGlobalSection
	GlobalSection(ProjectConfigurationPlatforms) = postSolution
		{CDAEE0B7-1802-45B5-90B0-AE970960B8D8}.Debug|Win32.ActiveCfg = Debug|Win32
		{CDAEE0B7-1802-45B5-90B0-AE970960B8D8}.Debug|Win32.Build.0 = Debug|Win32
		{CDAEE0B7-1802-45B5-90B0-AE970960B8D8}.Release|Win32.ActiveCfg = Release|Win32
		{CDAEE0B7-1802-45B5-90B0-AE970960B8D8}.Release|Win32.Build.0 = Release|Win32
	EndGlobalSection
	GlobalSection(SolutionProperties) = preSolution
		HideSolutionNode = FALSE
	EndGlobalSection
EndGlobal
