
Microsoft Visual Studio Solution File, Format Version 9.00
# Visual Studio 2005
Project("{8BC9CEB8-8B4A-11D0-8D11-00A0C91BC942}") = "NM_KILLFOCUS", "NM_KILLFOCUS\NM_KILLFOCUS.vcproj", "{B4C375AB-D243-49FD-9D59-008C698C8068}"
EndProject
Global
	GlobalSection(SolutionConfigurationPlatforms) = preSolution
		Debug|Win32 = Debug|Win32
		Release|Win32 = Release|Win32
	EndGlobalSection
	GlobalSection(ProjectConfigurationPlatforms) = postSolution
		{B4C375AB-D243-49FD-9D59-008C698C8068}.Debug|Win32.ActiveCfg = Debug|Win32
		{B4C375AB-D243-49FD-9D59-008C698C8068}.Debug|Win32.Build.0 = Debug|Win32
		{B4C375AB-D243-49FD-9D59-008C698C8068}.Release|Win32.ActiveCfg = Release|Win32
		{B4C375AB-D243-49FD-9D59-008C698C8068}.Release|Win32.Build.0 = Release|Win32
	EndGlobalSection
	GlobalSection(SolutionProperties) = preSolution
		HideSolutionNode = FALSE
	EndGlobalSection
EndGlobal
