
Microsoft Visual Studio Solution File, Format Version 9.00
# Visual Studio 2005
Project("{8BC9CEB8-8B4A-11D0-8D11-00A0C91BC942}") = "FindFirstFile", "FindFirstFile\FindFirstFile.vcproj", "{92B8D460-408D-4B92-B8EE-CB2B7BF4D0A6}"
EndProject
Global
	GlobalSection(SolutionConfigurationPlatforms) = preSolution
		Debug|Win32 = Debug|Win32
		Release|Win32 = Release|Win32
	EndGlobalSection
	GlobalSection(ProjectConfigurationPlatforms) = postSolution
		{92B8D460-408D-4B92-B8EE-CB2B7BF4D0A6}.Debug|Win32.ActiveCfg = Debug|Win32
		{92B8D460-408D-4B92-B8EE-CB2B7BF4D0A6}.Debug|Win32.Build.0 = Debug|Win32
		{92B8D460-408D-4B92-B8EE-CB2B7BF4D0A6}.Release|Win32.ActiveCfg = Release|Win32
		{92B8D460-408D-4B92-B8EE-CB2B7BF4D0A6}.Release|Win32.Build.0 = Release|Win32
	EndGlobalSection
	GlobalSection(SolutionProperties) = preSolution
		HideSolutionNode = FALSE
	EndGlobalSection
EndGlobal
