
Microsoft Visual Studio Solution File, Format Version 9.00
# Visual Studio 2005
Project("{8BC9CEB8-8B4A-11D0-8D11-00A0C91BC942}") = "GetDriveType", "GetDriveType\GetDriveType.vcproj", "{14CA7494-13AB-4372-BBBD-A3ACA727ED25}"
EndProject
Global
	GlobalSection(SolutionConfigurationPlatforms) = preSolution
		Debug|Win32 = Debug|Win32
		Release|Win32 = Release|Win32
	EndGlobalSection
	GlobalSection(ProjectConfigurationPlatforms) = postSolution
		{14CA7494-13AB-4372-BBBD-A3ACA727ED25}.Debug|Win32.ActiveCfg = Debug|Win32
		{14CA7494-13AB-4372-BBBD-A3ACA727ED25}.Debug|Win32.Build.0 = Debug|Win32
		{14CA7494-13AB-4372-BBBD-A3ACA727ED25}.Release|Win32.ActiveCfg = Release|Win32
		{14CA7494-13AB-4372-BBBD-A3ACA727ED25}.Release|Win32.Build.0 = Release|Win32
	EndGlobalSection
	GlobalSection(SolutionProperties) = preSolution
		HideSolutionNode = FALSE
	EndGlobalSection
EndGlobal
