
Microsoft Visual Studio Solution File, Format Version 9.00
# Visual Studio 2005
Project("{8BC9CEB8-8B4A-11D0-8D11-00A0C91BC942}") = "PRINTER_NOTIFY_OPTIONS", "PRINTER_NOTIFY_OPTIONS\PRINTER_NOTIFY_OPTIONS.vcproj", "{460D499C-6D25-44C1-9821-F4F436815F1E}"
EndProject
Global
	GlobalSection(SolutionConfigurationPlatforms) = preSolution
		Debug|Win32 = Debug|Win32
		Release|Win32 = Release|Win32
	EndGlobalSection
	GlobalSection(ProjectConfigurationPlatforms) = postSolution
		{460D499C-6D25-44C1-9821-F4F436815F1E}.Debug|Win32.ActiveCfg = Debug|Win32
		{460D499C-6D25-44C1-9821-F4F436815F1E}.Debug|Win32.Build.0 = Debug|Win32
		{460D499C-6D25-44C1-9821-F4F436815F1E}.Release|Win32.ActiveCfg = Release|Win32
		{460D499C-6D25-44C1-9821-F4F436815F1E}.Release|Win32.Build.0 = Release|Win32
	EndGlobalSection
	GlobalSection(SolutionProperties) = preSolution
		HideSolutionNode = FALSE
	EndGlobalSection
EndGlobal
