
Microsoft Visual Studio Solution File, Format Version 10.00
# Visual Studio 2008
Project("{FAE04EC0-301F-11D3-BF4B-00C04F79EFBC}") = "Viewbox_", "Viewbox_\Viewbox_.csproj", "{6AE323A7-3E0D-4F6B-B66B-1D5DAB41831C}"
EndProject
Global
	GlobalSection(SolutionConfigurationPlatforms) = preSolution
		Debug|Any CPU = Debug|Any CPU
		Release|Any CPU = Release|Any CPU
	EndGlobalSection
	GlobalSection(ProjectConfigurationPlatforms) = postSolution
		{6AE323A7-3E0D-4F6B-B66B-1D5DAB41831C}.Debug|Any CPU.ActiveCfg = Debug|Any CPU
		{6AE323A7-3E0D-4F6B-B66B-1D5DAB41831C}.Debug|Any CPU.Build.0 = Debug|Any CPU
		{6AE323A7-3E0D-4F6B-B66B-1D5DAB41831C}.Release|Any CPU.ActiveCfg = Release|Any CPU
		{6AE323A7-3E0D-4F6B-B66B-1D5DAB41831C}.Release|Any CPU.Build.0 = Release|Any CPU
	EndGlobalSection
	GlobalSection(SolutionProperties) = preSolution
		HideSolutionNode = FALSE
	EndGlobalSection
EndGlobal
