
Microsoft Visual Studio Solution File, Format Version 9.00
# Visual Studio 2005
Project("{8BC9CEB8-8B4A-11D0-8D11-00A0C91BC942}") = "SUCCEEDED", "SUCCEEDED\SUCCEEDED.vcproj", "{D1E6B1A2-6F56-40F7-869A-8410EA01055D}"
EndProject
Global
	GlobalSection(SolutionConfigurationPlatforms) = preSolution
		Debug|Win32 = Debug|Win32
		Release|Win32 = Release|Win32
	EndGlobalSection
	GlobalSection(ProjectConfigurationPlatforms) = postSolution
		{D1E6B1A2-6F56-40F7-869A-8410EA01055D}.Debug|Win32.ActiveCfg = Debug|Win32
		{D1E6B1A2-6F56-40F7-869A-8410EA01055D}.Debug|Win32.Build.0 = Debug|Win32
		{D1E6B1A2-6F56-40F7-869A-8410EA01055D}.Release|Win32.ActiveCfg = Release|Win32
		{D1E6B1A2-6F56-40F7-869A-8410EA01055D}.Release|Win32.Build.0 = Release|Win32
	EndGlobalSection
	GlobalSection(SolutionProperties) = preSolution
		HideSolutionNode = FALSE
	EndGlobalSection
EndGlobal
