
Microsoft Visual Studio Solution File, Format Version 9.00
# Visual Studio 2005
Project("{8BC9CEB8-8B4A-11D0-8D11-00A0C91BC942}") = "CMenu", "CMenu\CMenu.vcproj", "{CDAB9B27-C2E1-4E37-A03C-F8395E33B25B}"
EndProject
Global
	GlobalSection(SolutionConfigurationPlatforms) = preSolution
		Debug|Win32 = Debug|Win32
		Release|Win32 = Release|Win32
	EndGlobalSection
	GlobalSection(ProjectConfigurationPlatforms) = postSolution
		{CDAB9B27-C2E1-4E37-A03C-F8395E33B25B}.Debug|Win32.ActiveCfg = Debug|Win32
		{CDAB9B27-C2E1-4E37-A03C-F8395E33B25B}.Debug|Win32.Build.0 = Debug|Win32
		{CDAB9B27-C2E1-4E37-A03C-F8395E33B25B}.Release|Win32.ActiveCfg = Release|Win32
		{CDAB9B27-C2E1-4E37-A03C-F8395E33B25B}.Release|Win32.Build.0 = Release|Win32
	EndGlobalSection
	GlobalSection(SolutionProperties) = preSolution
		HideSolutionNode = FALSE
	EndGlobalSection
EndGlobal
