
Microsoft Visual Studio Solution File, Format Version 9.00
# Visual Studio 2005
Project("{8BC9CEB8-8B4A-11D0-8D11-00A0C91BC942}") = "GVNFVMP", "GVNFVMP\GVNFVMP.vcproj", "{51E30593-82A5-4ADB-8AA7-5B0C29B9971C}"
EndProject
Global
	GlobalSection(SolutionConfigurationPlatforms) = preSolution
		Debug|Win32 = Debug|Win32
		Release|Win32 = Release|Win32
	EndGlobalSection
	GlobalSection(ProjectConfigurationPlatforms) = postSolution
		{51E30593-82A5-4ADB-8AA7-5B0C29B9971C}.Debug|Win32.ActiveCfg = Debug|Win32
		{51E30593-82A5-4ADB-8AA7-5B0C29B9971C}.Debug|Win32.Build.0 = Debug|Win32
		{51E30593-82A5-4ADB-8AA7-5B0C29B9971C}.Release|Win32.ActiveCfg = Release|Win32
		{51E30593-82A5-4ADB-8AA7-5B0C29B9971C}.Release|Win32.Build.0 = Release|Win32
	EndGlobalSection
	GlobalSection(SolutionProperties) = preSolution
		HideSolutionNode = FALSE
	EndGlobalSection
EndGlobal
