
Microsoft Visual Studio Solution File, Format Version 12.00
# Visual Studio 14
VisualStudioVersion = 14.0.25420.1
MinimumVisualStudioVersion = 10.0.40219.1
Project("{8BC9CEB8-8B4A-11D0-8D11-00A0C91BC942}") = "Applicaton_Word", "Applicaton_Word\Applicaton_Word.vcxproj", "{028D8598-A453-46AE-B0DD-C539E97C93C3}"
EndProject
Global
	GlobalSection(SolutionConfigurationPlatforms) = preSolution
		Debug|x64 = Debug|x64
		Debug|x86 = Debug|x86
		Release|x64 = Release|x64
		Release|x86 = Release|x86
	EndGlobalSection
	GlobalSection(ProjectConfigurationPlatforms) = postSolution
		{028D8598-A453-46AE-B0DD-C539E97C93C3}.Debug|x64.ActiveCfg = Debug|x64
		{028D8598-A453-46AE-B0DD-C539E97C93C3}.Debug|x64.Build.0 = Debug|x64
		{028D8598-A453-46AE-B0DD-C539E97C93C3}.Debug|x86.ActiveCfg = Debug|Win32
		{028D8598-A453-46AE-B0DD-C539E97C93C3}.Debug|x86.Build.0 = Debug|Win32
		{028D8598-A453-46AE-B0DD-C539E97C93C3}.Release|x64.ActiveCfg = Release|x64
		{028D8598-A453-46AE-B0DD-C539E97C93C3}.Release|x64.Build.0 = Release|x64
		{028D8598-A453-46AE-B0DD-C539E97C93C3}.Release|x86.ActiveCfg = Release|Win32
		{028D8598-A453-46AE-B0DD-C539E97C93C3}.Release|x86.Build.0 = Release|Win32
	EndGlobalSection
	GlobalSection(SolutionProperties) = preSolution
		HideSolutionNode = FALSE
	EndGlobalSection
EndGlobal
