
Microsoft Visual Studio Solution File, Format Version 9.00
# Visual Studio 2005
Project("{FAE04EC0-301F-11D3-BF4B-00C04F79EFBC}") = "CastOperator", "CastOperator\CastOperator.csproj", "{5FD8109D-FDC6-4FB2-93C0-2F02CFDA3B98}"
EndProject
Global
	GlobalSection(SolutionConfigurationPlatforms) = preSolution
		Debug|Any CPU = Debug|Any CPU
		Release|Any CPU = Release|Any CPU
	EndGlobalSection
	GlobalSection(ProjectConfigurationPlatforms) = postSolution
		{5FD8109D-FDC6-4FB2-93C0-2F02CFDA3B98}.Debug|Any CPU.ActiveCfg = Debug|Any CPU
		{5FD8109D-FDC6-4FB2-93C0-2F02CFDA3B98}.Debug|Any CPU.Build.0 = Debug|Any CPU
		{5FD8109D-FDC6-4FB2-93C0-2F02CFDA3B98}.Release|Any CPU.ActiveCfg = Release|Any CPU
		{5FD8109D-FDC6-4FB2-93C0-2F02CFDA3B98}.Release|Any CPU.Build.0 = Release|Any CPU
	EndGlobalSection
	GlobalSection(SolutionProperties) = preSolution
		HideSolutionNode = FALSE
	EndGlobalSection
EndGlobal
