
Microsoft Visual Studio Solution File, Format Version 9.00
# Visual Studio 2005
Project("{8BC9CEB8-8B4A-11D0-8D11-00A0C91BC942}") = "Win32_PnPEntity", "Win32_PnPEntity\Win32_PnPEntity.vcproj", "{CF233A96-5FF3-4C6C-8A63-7A6778FBE8D4}"
EndProject
Global
	GlobalSection(SolutionConfigurationPlatforms) = preSolution
		Debug|Win32 = Debug|Win32
		Release|Win32 = Release|Win32
	EndGlobalSection
	GlobalSection(ProjectConfigurationPlatforms) = postSolution
		{CF233A96-5FF3-4C6C-8A63-7A6778FBE8D4}.Debug|Win32.ActiveCfg = Debug|Win32
		{CF233A96-5FF3-4C6C-8A63-7A6778FBE8D4}.Debug|Win32.Build.0 = Debug|Win32
		{CF233A96-5FF3-4C6C-8A63-7A6778FBE8D4}.Release|Win32.ActiveCfg = Release|Win32
		{CF233A96-5FF3-4C6C-8A63-7A6778FBE8D4}.Release|Win32.Build.0 = Release|Win32
	EndGlobalSection
	GlobalSection(SolutionProperties) = preSolution
		HideSolutionNode = FALSE
	EndGlobalSection
EndGlobal
