
Microsoft Visual Studio Solution File, Format Version 10.00
# Visual Studio 2008
Project("{FAE04EC0-301F-11D3-BF4B-00C04F79EFBC}") = "select", "select\select.csproj", "{2E87FC6E-CB50-47D1-9559-F7AA8B04D446}"
EndProject
Global
	GlobalSection(SolutionConfigurationPlatforms) = preSolution
		Debug|Any CPU = Debug|Any CPU
		Release|Any CPU = Release|Any CPU
	EndGlobalSection
	GlobalSection(ProjectConfigurationPlatforms) = postSolution
		{2E87FC6E-CB50-47D1-9559-F7AA8B04D446}.Debug|Any CPU.ActiveCfg = Debug|Any CPU
		{2E87FC6E-CB50-47D1-9559-F7AA8B04D446}.Debug|Any CPU.Build.0 = Debug|Any CPU
		{2E87FC6E-CB50-47D1-9559-F7AA8B04D446}.Release|Any CPU.ActiveCfg = Release|Any CPU
		{2E87FC6E-CB50-47D1-9559-F7AA8B04D446}.Release|Any CPU.Build.0 = Release|Any CPU
	EndGlobalSection
	GlobalSection(SolutionProperties) = preSolution
		HideSolutionNode = FALSE
	EndGlobalSection
EndGlobal
