
Microsoft Visual Studio Solution File, Format Version 9.00
# Visual Studio 2005
Project("{8BC9CEB8-8B4A-11D0-8D11-00A0C91BC942}") = "SCROLLINFO", "SCROLLINFO\SCROLLINFO.vcproj", "{079DF50F-8468-4D87-80B0-EC5B40E35014}"
EndProject
Global
	GlobalSection(SolutionConfigurationPlatforms) = preSolution
		Debug|Win32 = Debug|Win32
		Release|Win32 = Release|Win32
	EndGlobalSection
	GlobalSection(ProjectConfigurationPlatforms) = postSolution
		{079DF50F-8468-4D87-80B0-EC5B40E35014}.Debug|Win32.ActiveCfg = Debug|Win32
		{079DF50F-8468-4D87-80B0-EC5B40E35014}.Debug|Win32.Build.0 = Debug|Win32
		{079DF50F-8468-4D87-80B0-EC5B40E35014}.Release|Win32.ActiveCfg = Release|Win32
		{079DF50F-8468-4D87-80B0-EC5B40E35014}.Release|Win32.Build.0 = Release|Win32
	EndGlobalSection
	GlobalSection(SolutionProperties) = preSolution
		HideSolutionNode = FALSE
	EndGlobalSection
EndGlobal
