
Microsoft Visual Studio Solution File, Format Version 10.00
# Visual Studio 2008
Project("{FAE04EC0-301F-11D3-BF4B-00C04F79EFBC}") = "Window_", "Window_\Window_.csproj", "{71917D84-9F1C-42D5-AAA3-BB856B5EB515}"
EndProject
Global
	GlobalSection(SolutionConfigurationPlatforms) = preSolution
		Debug|Any CPU = Debug|Any CPU
		Release|Any CPU = Release|Any CPU
	EndGlobalSection
	GlobalSection(ProjectConfigurationPlatforms) = postSolution
		{71917D84-9F1C-42D5-AAA3-BB856B5EB515}.Debug|Any CPU.ActiveCfg = Debug|Any CPU
		{71917D84-9F1C-42D5-AAA3-BB856B5EB515}.Debug|Any CPU.Build.0 = Debug|Any CPU
		{71917D84-9F1C-42D5-AAA3-BB856B5EB515}.Release|Any CPU.ActiveCfg = Release|Any CPU
		{71917D84-9F1C-42D5-AAA3-BB856B5EB515}.Release|Any CPU.Build.0 = Release|Any CPU
	EndGlobalSection
	GlobalSection(SolutionProperties) = preSolution
		HideSolutionNode = FALSE
	EndGlobalSection
EndGlobal
