
Microsoft Visual Studio Solution File, Format Version 9.00
# Visual Studio 2005
Project("{8BC9CEB8-8B4A-11D0-8D11-00A0C91BC942}") = "LoadIcon", "LoadIcon\LoadIcon.vcproj", "{8A5D9454-3DA7-47FD-8090-3FCBB5DC93ED}"
EndProject
Global
	GlobalSection(SolutionConfigurationPlatforms) = preSolution
		Debug|Win32 = Debug|Win32
		Release|Win32 = Release|Win32
	EndGlobalSection
	GlobalSection(ProjectConfigurationPlatforms) = postSolution
		{8A5D9454-3DA7-47FD-8090-3FCBB5DC93ED}.Debug|Win32.ActiveCfg = Debug|Win32
		{8A5D9454-3DA7-47FD-8090-3FCBB5DC93ED}.Debug|Win32.Build.0 = Debug|Win32
		{8A5D9454-3DA7-47FD-8090-3FCBB5DC93ED}.Release|Win32.ActiveCfg = Release|Win32
		{8A5D9454-3DA7-47FD-8090-3FCBB5DC93ED}.Release|Win32.Build.0 = Release|Win32
	EndGlobalSection
	GlobalSection(SolutionProperties) = preSolution
		HideSolutionNode = FALSE
	EndGlobalSection
EndGlobal
