
Microsoft Visual Studio Solution File, Format Version 9.00
# Visual Studio 2005
Project("{8BC9CEB8-8B4A-11D0-8D11-00A0C91BC942}") = "FORMATETC", "FORMATETC\FORMATETC.vcproj", "{3A4151B2-4103-4E46-9275-49633F802815}"
EndProject
Global
	GlobalSection(SolutionConfigurationPlatforms) = preSolution
		Debug|Win32 = Debug|Win32
		Release|Win32 = Release|Win32
	EndGlobalSection
	GlobalSection(ProjectConfigurationPlatforms) = postSolution
		{3A4151B2-4103-4E46-9275-49633F802815}.Debug|Win32.ActiveCfg = Debug|Win32
		{3A4151B2-4103-4E46-9275-49633F802815}.Debug|Win32.Build.0 = Debug|Win32
		{3A4151B2-4103-4E46-9275-49633F802815}.Release|Win32.ActiveCfg = Release|Win32
		{3A4151B2-4103-4E46-9275-49633F802815}.Release|Win32.Build.0 = Release|Win32
	EndGlobalSection
	GlobalSection(SolutionProperties) = preSolution
		HideSolutionNode = FALSE
	EndGlobalSection
EndGlobal
