
Microsoft Visual Studio Solution File, Format Version 9.00
# Visual Studio 2005
Project("{8BC9CEB8-8B4A-11D0-8D11-00A0C91BC942}") = "PolylineTo", "PolylineTo\PolylineTo.vcproj", "{B569D1F7-64C2-4C46-81F8-B12174A9C29C}"
EndProject
Global
	GlobalSection(SolutionConfigurationPlatforms) = preSolution
		Debug|Win32 = Debug|Win32
		Release|Win32 = Release|Win32
	EndGlobalSection
	GlobalSection(ProjectConfigurationPlatforms) = postSolution
		{B569D1F7-64C2-4C46-81F8-B12174A9C29C}.Debug|Win32.ActiveCfg = Debug|Win32
		{B569D1F7-64C2-4C46-81F8-B12174A9C29C}.Debug|Win32.Build.0 = Debug|Win32
		{B569D1F7-64C2-4C46-81F8-B12174A9C29C}.Release|Win32.ActiveCfg = Release|Win32
		{B569D1F7-64C2-4C46-81F8-B12174A9C29C}.Release|Win32.Build.0 = Release|Win32
	EndGlobalSection
	GlobalSection(SolutionProperties) = preSolution
		HideSolutionNode = FALSE
	EndGlobalSection
EndGlobal
