
Microsoft Visual Studio Solution File, Format Version 9.00
# Visual Studio 2005
Project("{8BC9CEB8-8B4A-11D0-8D11-00A0C91BC942}") = "LVN_ODCACHEHINT", "LVN_ODCACHEHINT\LVN_ODCACHEHINT.vcproj", "{76DE8833-E4EC-4B0B-A52D-841BDA0F11B6}"
EndProject
Global
	GlobalSection(SolutionConfigurationPlatforms) = preSolution
		Debug|Win32 = Debug|Win32
		Release|Win32 = Release|Win32
	EndGlobalSection
	GlobalSection(ProjectConfigurationPlatforms) = postSolution
		{76DE8833-E4EC-4B0B-A52D-841BDA0F11B6}.Debug|Win32.ActiveCfg = Debug|Win32
		{76DE8833-E4EC-4B0B-A52D-841BDA0F11B6}.Debug|Win32.Build.0 = Debug|Win32
		{76DE8833-E4EC-4B0B-A52D-841BDA0F11B6}.Release|Win32.ActiveCfg = Release|Win32
		{76DE8833-E4EC-4B0B-A52D-841BDA0F11B6}.Release|Win32.Build.0 = Release|Win32
	EndGlobalSection
	GlobalSection(SolutionProperties) = preSolution
		HideSolutionNode = FALSE
	EndGlobalSection
EndGlobal
