
Microsoft Visual Studio Solution File, Format Version 9.00
# Visual Studio 2005
Project("{FAE04EC0-301F-11D3-BF4B-00C04F79EFBC}") = "Int32_", "Int32_\Int32_.csproj", "{D6938EA2-EF59-440B-BA5A-62BB25B6969A}"
EndProject
Global
	GlobalSection(SolutionConfigurationPlatforms) = preSolution
		Debug|Any CPU = Debug|Any CPU
		Release|Any CPU = Release|Any CPU
	EndGlobalSection
	GlobalSection(ProjectConfigurationPlatforms) = postSolution
		{D6938EA2-EF59-440B-BA5A-62BB25B6969A}.Debug|Any CPU.ActiveCfg = Debug|Any CPU
		{D6938EA2-EF59-440B-BA5A-62BB25B6969A}.Debug|Any CPU.Build.0 = Debug|Any CPU
		{D6938EA2-EF59-440B-BA5A-62BB25B6969A}.Release|Any CPU.ActiveCfg = Release|Any CPU
		{D6938EA2-EF59-440B-BA5A-62BB25B6969A}.Release|Any CPU.Build.0 = Release|Any CPU
	EndGlobalSection
	GlobalSection(SolutionProperties) = preSolution
		HideSolutionNode = FALSE
	EndGlobalSection
EndGlobal
