
Microsoft Visual Studio Solution File, Format Version 9.00
# Visual Studio 2005
Project("{FAE04EC0-301F-11D3-BF4B-00C04F79EFBC}") = "ApplicationDirective", "ApplicationDirective\ApplicationDirective.csproj", "{CFD6B12A-D2A9-4C38-9737-D961C47315FB}"
	ProjectSection(WebsiteProperties) = preProject
		Debug.AspNetCompiler.Debug = "True"
		Release.AspNetCompiler.Debug = "False"
	EndProjectSection
EndProject
Global
	GlobalSection(SolutionConfigurationPlatforms) = preSolution
		Debug|Any CPU = Debug|Any CPU
		Release|Any CPU = Release|Any CPU
	EndGlobalSection
	GlobalSection(ProjectConfigurationPlatforms) = postSolution
		{CFD6B12A-D2A9-4C38-9737-D961C47315FB}.Debug|Any CPU.ActiveCfg = Debug|Any CPU
		{CFD6B12A-D2A9-4C38-9737-D961C47315FB}.Debug|Any CPU.Build.0 = Debug|Any CPU
		{CFD6B12A-D2A9-4C38-9737-D961C47315FB}.Release|Any CPU.ActiveCfg = Release|Any CPU
		{CFD6B12A-D2A9-4C38-9737-D961C47315FB}.Release|Any CPU.Build.0 = Release|Any CPU
	EndGlobalSection
	GlobalSection(SolutionProperties) = preSolution
		HideSolutionNode = FALSE
	EndGlobalSection
EndGlobal
