
Microsoft Visual Studio Solution File, Format Version 9.00
# Visual Studio 2005
Project("{8BC9CEB8-8B4A-11D0-8D11-00A0C91BC942}") = "GWL_WNDPROC", "GWL_WNDPROC\GWL_WNDPROC.vcproj", "{7805F24A-0D95-4BB6-A8C3-C48F7CABE197}"
EndProject
Global
	GlobalSection(SolutionConfigurationPlatforms) = preSolution
		Debug|Win32 = Debug|Win32
		Release|Win32 = Release|Win32
	EndGlobalSection
	GlobalSection(ProjectConfigurationPlatforms) = postSolution
		{7805F24A-0D95-4BB6-A8C3-C48F7CABE197}.Debug|Win32.ActiveCfg = Debug|Win32
		{7805F24A-0D95-4BB6-A8C3-C48F7CABE197}.Debug|Win32.Build.0 = Debug|Win32
		{7805F24A-0D95-4BB6-A8C3-C48F7CABE197}.Release|Win32.ActiveCfg = Release|Win32
		{7805F24A-0D95-4BB6-A8C3-C48F7CABE197}.Release|Win32.Build.0 = Release|Win32
	EndGlobalSection
	GlobalSection(SolutionProperties) = preSolution
		HideSolutionNode = FALSE
	EndGlobalSection
EndGlobal
