
Microsoft Visual Studio Solution File, Format Version 9.00
# Visual Studio 2005
Project("{8BC9CEB8-8B4A-11D0-8D11-00A0C91BC942}") = "SetClassLong", "SetClassLong\SetClassLong.vcproj", "{9C040618-BF6C-4B97-B105-8B0F195E5351}"
EndProject
Global
	GlobalSection(SolutionConfigurationPlatforms) = preSolution
		Debug|Win32 = Debug|Win32
		Release|Win32 = Release|Win32
	EndGlobalSection
	GlobalSection(ProjectConfigurationPlatforms) = postSolution
		{9C040618-BF6C-4B97-B105-8B0F195E5351}.Debug|Win32.ActiveCfg = Debug|Win32
		{9C040618-BF6C-4B97-B105-8B0F195E5351}.Debug|Win32.Build.0 = Debug|Win32
		{9C040618-BF6C-4B97-B105-8B0F195E5351}.Release|Win32.ActiveCfg = Release|Win32
		{9C040618-BF6C-4B97-B105-8B0F195E5351}.Release|Win32.Build.0 = Release|Win32
	EndGlobalSection
	GlobalSection(SolutionProperties) = preSolution
		HideSolutionNode = FALSE
	EndGlobalSection
EndGlobal
