
Microsoft Visual Studio Solution File, Format Version 9.00
# Visual Studio 2005
Project("{8BC9CEB8-8B4A-11D0-8D11-00A0C91BC942}") = "NMHDR", "NMHDR\NMHDR.vcproj", "{AB342803-69A6-4633-9526-17984DEDF2BF}"
EndProject
Global
	GlobalSection(SolutionConfigurationPlatforms) = preSolution
		Debug|Win32 = Debug|Win32
		Release|Win32 = Release|Win32
	EndGlobalSection
	GlobalSection(ProjectConfigurationPlatforms) = postSolution
		{AB342803-69A6-4633-9526-17984DEDF2BF}.Debug|Win32.ActiveCfg = Debug|Win32
		{AB342803-69A6-4633-9526-17984DEDF2BF}.Debug|Win32.Build.0 = Debug|Win32
		{AB342803-69A6-4633-9526-17984DEDF2BF}.Release|Win32.ActiveCfg = Release|Win32
		{AB342803-69A6-4633-9526-17984DEDF2BF}.Release|Win32.Build.0 = Release|Win32
	EndGlobalSection
	GlobalSection(SolutionProperties) = preSolution
		HideSolutionNode = FALSE
	EndGlobalSection
EndGlobal
