
Microsoft Visual Studio Solution File, Format Version 9.00
# Visual Studio 2005
Project("{FAE04EC0-301F-11D3-BF4B-00C04F79EFBC}") = "newModifier", "newModifier\newModifier.csproj", "{2CE7B76B-2C56-459B-AAA3-48D7971451F5}"
EndProject
Global
	GlobalSection(SolutionConfigurationPlatforms) = preSolution
		Debug|Any CPU = Debug|Any CPU
		Release|Any CPU = Release|Any CPU
	EndGlobalSection
	GlobalSection(ProjectConfigurationPlatforms) = postSolution
		{2CE7B76B-2C56-459B-AAA3-48D7971451F5}.Debug|Any CPU.ActiveCfg = Debug|Any CPU
		{2CE7B76B-2C56-459B-AAA3-48D7971451F5}.Debug|Any CPU.Build.0 = Debug|Any CPU
		{2CE7B76B-2C56-459B-AAA3-48D7971451F5}.Release|Any CPU.ActiveCfg = Release|Any CPU
		{2CE7B76B-2C56-459B-AAA3-48D7971451F5}.Release|Any CPU.Build.0 = Release|Any CPU
	EndGlobalSection
	GlobalSection(SolutionProperties) = preSolution
		HideSolutionNode = FALSE
	EndGlobalSection
EndGlobal
