
Microsoft Visual Studio Solution File, Format Version 9.00
# Visual Studio 2005
Project("{8BC9CEB8-8B4A-11D0-8D11-00A0C91BC942}") = "setlocale", "setlocale\setlocale.vcproj", "{15D4AB1A-AF40-4945-85D7-CE2FE78F95FF}"
EndProject
Global
	GlobalSection(SolutionConfigurationPlatforms) = preSolution
		Debug|Win32 = Debug|Win32
		Release|Win32 = Release|Win32
	EndGlobalSection
	GlobalSection(ProjectConfigurationPlatforms) = postSolution
		{15D4AB1A-AF40-4945-85D7-CE2FE78F95FF}.Debug|Win32.ActiveCfg = Debug|Win32
		{15D4AB1A-AF40-4945-85D7-CE2FE78F95FF}.Debug|Win32.Build.0 = Debug|Win32
		{15D4AB1A-AF40-4945-85D7-CE2FE78F95FF}.Release|Win32.ActiveCfg = Release|Win32
		{15D4AB1A-AF40-4945-85D7-CE2FE78F95FF}.Release|Win32.Build.0 = Release|Win32
	EndGlobalSection
	GlobalSection(SolutionProperties) = preSolution
		HideSolutionNode = FALSE
	EndGlobalSection
EndGlobal
